// !$*UTF8*$!
{
	archiveVersion = 1;
	classes = {
	};
	objectVersion = 55;
	objects = {

/* Begin PBXBuildFile section */
		5E7A0014280578B50090A07A /* main.json in Resources */ = {isa = PBXBuildFile; fileRef = 5E7A0012280578B50090A07A /* main.json */; };
		5E7AFFDB280571A50090A07A /* AppDelegate.swift in Sources */ = {isa = PBXBuildFile; fileRef = 5E7AFFDA280571A50090A07A /* AppDelegate.swift */; };
		5E7AFFDD280571A50090A07A /* SceneDelegate.swift in Sources */ = {isa = PBXBuildFile; fileRef = 5E7AFFDC280571A50090A07A /* SceneDelegate.swift */; };
		5E7AFFDF280571A50090A07A /* ViewController.swift in Sources */ = {isa = PBXBuildFile; fileRef = 5E7AFFDE280571A50090A07A /* ViewController.swift */; };
		5E7AFFE2280571A50090A07A /* Main.storyboard in Resources */ = {isa = PBXBuildFile; fileRef = 5E7AFFE0280571A50090A07A /* Main.storyboard */; };
		5E7AFFE4280571A70090A07A /* Assets.xcassets in Resources */ = {isa = PBXBuildFile; fileRef = 5E7AFFE3280571A70090A07A /* Assets.xcassets */; };
		5E7AFFE7280571A70090A07A /* LaunchScreen.storyboard in Resources */ = {isa = PBXBuildFile; fileRef = 5E7AFFE5280571A70090A07A /* LaunchScreen.storyboard */; };
		5E7AFFF2280571A70090A07A /* BMSwiftToolsTests.swift in Sources */ = {isa = PBXBuildFile; fileRef = 5E7AFFF1280571A70090A07A /* BMSwiftToolsTests.swift */; };
		5E7AFFFC280571A70090A07A /* BMSwiftToolsUITests.swift in Sources */ = {isa = PBXBuildFile; fileRef = 5E7AFFFB280571A70090A07A /* BMSwiftToolsUITests.swift */; };
		5E7AFFFE280571A70090A07A /* BMSwiftToolsUITestsLaunchTests.swift in Sources */ = {isa = PBXBuildFile; fileRef = 5E7AFFFD280571A70090A07A /* BMSwiftToolsUITestsLaunchTests.swift */; };
		F730D5962F9C981F377BD0EC /* libPods-BMSwiftTools.a in Frameworks */ = {isa = PBXBuildFile; fileRef = 1FC20BFEA287D5FCFCC5F5F7 /* libPods-BMSwiftTools.a */; };
/* End PBXBuildFile section */

/* Begin PBXContainerItemProxy section */
		5E7AFFEE280571A70090A07A /* PBXContainerItemProxy */ = {
			isa = PBXContainerItemProxy;
			containerPortal = 5E7AFFCF280571A50090A07A /* Project object */;
			proxyType = 1;
			remoteGlobalIDString = 5E7AFFD6280571A50090A07A;
			remoteInfo = BMSwiftTools;
		};
		5E7AFFF8280571A70090A07A /* PBXContainerItemProxy */ = {
			isa = PBXContainerItemProxy;
			containerPortal = 5E7AFFCF280571A50090A07A /* Project object */;
			proxyType = 1;
			remoteGlobalIDString = 5E7AFFD6280571A50090A07A;
			remoteInfo = BMSwiftTools;
		};
/* End PBXContainerItemProxy section */

/* Begin PBXFileReference section */
		1FC20BFEA287D5FCFCC5F5F7 /* libPods-BMSwiftTools.a */ = {isa = PBXFileReference; explicitFileType = archive.ar; includeInIndex = 0; path = "libPods-BMSwiftTools.a"; sourceTree = BUILT_PRODUCTS_DIR; };
		2335B99EE16333F56BEF1CCF /* Pods-BMSwiftTools.release.xcconfig */ = {isa = PBXFileReference; includeInIndex = 1; lastKnownFileType = text.xcconfig; name = "Pods-BMSwiftTools.release.xcconfig"; path = "Target Support Files/Pods-BMSwiftTools/Pods-BMSwiftTools.release.xcconfig"; sourceTree = "<group>"; };
		5E7A0010280578B50090A07A /* CodeBlockExample.swift */ = {isa = PBXFileReference; fileEncoding = 4; lastKnownFileType = sourcecode.swift; path = CodeBlockExample.swift; sourceTree = "<group>"; };
		5E7A0012280578B50090A07A /* main.json */ = {isa = PBXFileReference; fileEncoding = 4; lastKnownFileType = text.json; path = main.json; sourceTree = "<group>"; };
		5E7AFFD7280571A50090A07A /* BMSwiftTools.app */ = {isa = PBXFileReference; explicitFileType = wrapper.application; includeInIndex = 0; path = BMSwiftTools.app; sourceTree = BUILT_PRODUCTS_DIR; };
		5E7AFFDA280571A50090A07A /* AppDelegate.swift */ = {isa = PBXFileReference; lastKnownFileType = sourcecode.swift; path = AppDelegate.swift; sourceTree = "<group>"; };
		5E7AFFDC280571A50090A07A /* SceneDelegate.swift */ = {isa = PBXFileReference; lastKnownFileType = sourcecode.swift; path = SceneDelegate.swift; sourceTree = "<group>"; };
		5E7AFFDE280571A50090A07A /* ViewController.swift */ = {isa = PBXFileReference; lastKnownFileType = sourcecode.swift; path = ViewController.swift; sourceTree = "<group>"; };
		5E7AFFE1280571A50090A07A /* Base */ = {isa = PBXFileReference; lastKnownFileType = file.storyboard; name = Base; path = Base.lproj/Main.storyboard; sourceTree = "<group>"; };
		5E7AFFE3280571A70090A07A /* Assets.xcassets */ = {isa = PBXFileReference; lastKnownFileType = folder.assetcatalog; path = Assets.xcassets; sourceTree = "<group>"; };
		5E7AFFE6280571A70090A07A /* Base */ = {isa = PBXFileReference; lastKnownFileType = file.storyboard; name = Base; path = Base.lproj/LaunchScreen.storyboard; sourceTree = "<group>"; };
		5E7AFFE8280571A70090A07A /* Info.plist */ = {isa = PBXFileReference; lastKnownFileType = text.plist.xml; path = Info.plist; sourceTree = "<group>"; };
		5E7AFFED280571A70090A07A /* BMSwiftToolsTests.xctest */ = {isa = PBXFileReference; explicitFileType = wrapper.cfbundle; includeInIndex = 0; path = BMSwiftToolsTests.xctest; sourceTree = BUILT_PRODUCTS_DIR; };
		5E7AFFF1280571A70090A07A /* BMSwiftToolsTests.swift */ = {isa = PBXFileReference; lastKnownFileType = sourcecode.swift; path = BMSwiftToolsTests.swift; sourceTree = "<group>"; };
		5E7AFFF7280571A70090A07A /* BMSwiftToolsUITests.xctest */ = {isa = PBXFileReference; explicitFileType = wrapper.cfbundle; includeInIndex = 0; path = BMSwiftToolsUITests.xctest; sourceTree = BUILT_PRODUCTS_DIR; };
		5E7AFFFB280571A70090A07A /* BMSwiftToolsUITests.swift */ = {isa = PBXFileReference; lastKnownFileType = sourcecode.swift; path = BMSwiftToolsUITests.swift; sourceTree = "<group>"; };
		5E7AFFFD280571A70090A07A /* BMSwiftToolsUITestsLaunchTests.swift */ = {isa = PBXFileReference; lastKnownFileType = sourcecode.swift; path = BMSwiftToolsUITestsLaunchTests.swift; sourceTree = "<group>"; };
		6A5B768878F007CE48FB531D /* Pods-BMSwiftTools.debug.xcconfig */ = {isa = PBXFileReference; includeInIndex = 1; lastKnownFileType = text.xcconfig; name = "Pods-BMSwiftTools.debug.xcconfig"; path = "Target Support Files/Pods-BMSwiftTools/Pods-BMSwiftTools.debug.xcconfig"; sourceTree = "<group>"; };
/* End PBXFileReference section */

/* Begin PBXFrameworksBuildPhase section */
		5E7AFFD4280571A50090A07A /* Frameworks */ = {
			isa = PBXFrameworksBuildPhase;
			buildActionMask = 2147483647;
			files = (
				F730D5962F9C981F377BD0EC /* libPods-BMSwiftTools.a in Frameworks */,
			);
			runOnlyForDeploymentPostprocessing = 0;
		};
		5E7AFFEA280571A70090A07A /* Frameworks */ = {
			isa = PBXFrameworksBuildPhase;
			buildActionMask = 2147483647;
			files = (
			);
			runOnlyForDeploymentPostprocessing = 0;
		};
		5E7AFFF4280571A70090A07A /* Frameworks */ = {
			isa = PBXFrameworksBuildPhase;
			buildActionMask = 2147483647;
			files = (
			);
			runOnlyForDeploymentPostprocessing = 0;
		};
/* End PBXFrameworksBuildPhase section */

/* Begin PBXGroup section */
		34A2A7139281C7133C034028 /* Pods */ = {
			isa = PBXGroup;
			children = (
				6A5B768878F007CE48FB531D /* Pods-BMSwiftTools.debug.xcconfig */,
				2335B99EE16333F56BEF1CCF /* Pods-BMSwiftTools.release.xcconfig */,
			);
			path = Pods;
			sourceTree = "<group>";
		};
		5E7A000F280578B50090A07A /* CodeSnippet(代码块) */ = {
			isa = PBXGroup;
			children = (
				5E7A0010280578B50090A07A /* CodeBlockExample.swift */,
			);
			path = "CodeSnippet(代码块)";
			sourceTree = "<group>";
		};
		5E7A0011280578B50090A07A /* Resources */ = {
			isa = PBXGroup;
			children = (
				5E7A0012280578B50090A07A /* main.json */,
			);
			path = Resources;
			sourceTree = "<group>";
		};
		5E7AFFCE280571A50090A07A = {
			isa = PBXGroup;
			children = (
				5E7AFFD9280571A50090A07A /* BMSwiftTools */,
				5E7AFFF0280571A70090A07A /* BMSwiftToolsTests */,
				5E7AFFFA280571A70090A07A /* BMSwiftToolsUITests */,
				5E7AFFD8280571A50090A07A /* Products */,
				34A2A7139281C7133C034028 /* Pods */,
				F9E682CAA375C7BDE4052DE9 /* Frameworks */,
			);
			sourceTree = "<group>";
		};
		5E7AFFD8280571A50090A07A /* Products */ = {
			isa = PBXGroup;
			children = (
				5E7AFFD7280571A50090A07A /* BMSwiftTools.app */,
				5E7AFFED280571A70090A07A /* BMSwiftToolsTests.xctest */,
				5E7AFFF7280571A70090A07A /* BMSwiftToolsUITests.xctest */,
			);
			name = Products;
			sourceTree = "<group>";
		};
		5E7AFFD9280571A50090A07A /* BMSwiftTools */ = {
			isa = PBXGroup;
			children = (
				5E7A000F280578B50090A07A /* CodeSnippet(代码块) */,
				5E7A0011280578B50090A07A /* Resources */,
				5E7AFFDA280571A50090A07A /* AppDelegate.swift */,
				5E7AFFDC280571A50090A07A /* SceneDelegate.swift */,
				5E7AFFDE280571A50090A07A /* ViewController.swift */,
				5E7AFFE0280571A50090A07A /* Main.storyboard */,
				5E7AFFE3280571A70090A07A /* Assets.xcassets */,
				5E7AFFE5280571A70090A07A /* LaunchScreen.storyboard */,
				5E7AFFE8280571A70090A07A /* Info.plist */,
			);
			path = BMSwiftTools;
			sourceTree = "<group>";
		};
		5E7AFFF0280571A70090A07A /* BMSwiftToolsTests */ = {
			isa = PBXGroup;
			children = (
				5E7AFFF1280571A70090A07A /* BMSwiftToolsTests.swift */,
			);
			path = BMSwiftToolsTests;
			sourceTree = "<group>";
		};
		5E7AFFFA280571A70090A07A /* BMSwiftToolsUITests */ = {
			isa = PBXGroup;
			children = (
				5E7AFFFB280571A70090A07A /* BMSwiftToolsUITests.swift */,
				5E7AFFFD280571A70090A07A /* BMSwiftToolsUITestsLaunchTests.swift */,
			);
			path = BMSwiftToolsUITests;
			sourceTree = "<group>";
		};
		F9E682CAA375C7BDE4052DE9 /* Frameworks */ = {
			isa = PBXGroup;
			children = (
				1FC20BFEA287D5FCFCC5F5F7 /* libPods-BMSwiftTools.a */,
			);
			name = Frameworks;
			sourceTree = "<group>";
		};
/* End PBXGroup section */

/* Begin PBXNativeTarget section */
		5E7AFFD6280571A50090A07A /* BMSwiftTools */ = {
			isa = PBXNativeTarget;
			buildConfigurationList = 5E7A0001280571A70090A07A /* Build configuration list for PBXNativeTarget "BMSwiftTools" */;
			buildPhases = (
				9F8FD96E55CDBC0CED25928D /* [CP] Check Pods Manifest.lock */,
				5E7AFFD3280571A50090A07A /* Sources */,
				5E7AFFD4280571A50090A07A /* Frameworks */,
				5E7AFFD5280571A50090A07A /* Resources */,
				97A68F6E4137383530F2B3C5 /* [CP] Copy Pods Resources */,
			);
			buildRules = (
			);
			dependencies = (
			);
			name = BMSwiftTools;
			productName = BMSwiftTools;
			productReference = 5E7AFFD7280571A50090A07A /* BMSwiftTools.app */;
			productType = "com.apple.product-type.application";
		};
		5E7AFFEC280571A70090A07A /* BMSwiftToolsTests */ = {
			isa = PBXNativeTarget;
			buildConfigurationList = 5E7A0004280571A70090A07A /* Build configuration list for PBXNativeTarget "BMSwiftToolsTests" */;
			buildPhases = (
				5E7AFFE9280571A70090A07A /* Sources */,
				5E7AFFEA280571A70090A07A /* Frameworks */,
				5E7AFFEB280571A70090A07A /* Resources */,
			);
			buildRules = (
			);
			dependencies = (
				5E7AFFEF280571A70090A07A /* PBXTargetDependency */,
			);
			name = BMSwiftToolsTests;
			productName = BMSwiftToolsTests;
			productReference = 5E7AFFED280571A70090A07A /* BMSwiftToolsTests.xctest */;
			productType = "com.apple.product-type.bundle.unit-test";
		};
		5E7AFFF6280571A70090A07A /* BMSwiftToolsUITests */ = {
			isa = PBXNativeTarget;
			buildConfigurationList = 5E7A0007280571A70090A07A /* Build configuration list for PBXNativeTarget "BMSwiftToolsUITests" */;
			buildPhases = (
				5E7AFFF3280571A70090A07A /* Sources */,
				5E7AFFF4280571A70090A07A /* Frameworks */,
				5E7AFFF5280571A70090A07A /* Resources */,
			);
			buildRules = (
			);
			dependencies = (
				5E7AFFF9280571A70090A07A /* PBXTargetDependency */,
			);
			name = BMSwiftToolsUITests;
			productName = BMSwiftToolsUITests;
			productReference = 5E7AFFF7280571A70090A07A /* BMSwiftToolsUITests.xctest */;
			productType = "com.apple.product-type.bundle.ui-testing";
		};
/* End PBXNativeTarget section */

/* Begin PBXProject section */
		5E7AFFCF280571A50090A07A /* Project object */ = {
			isa = PBXProject;
			attributes = {
				BuildIndependentTargetsInParallel = 1;
				LastSwiftUpdateCheck = 1330;
				LastUpgradeCheck = 1330;
				TargetAttributes = {
					5E7AFFD6280571A50090A07A = {
						CreatedOnToolsVersion = 13.3;
					};
					5E7AFFEC280571A70090A07A = {
						CreatedOnToolsVersion = 13.3;
						TestTargetID = 5E7AFFD6280571A50090A07A;
					};
					5E7AFFF6280571A70090A07A = {
						CreatedOnToolsVersion = 13.3;
						TestTargetID = 5E7AFFD6280571A50090A07A;
					};
				};
			};
			buildConfigurationList = 5E7AFFD2280571A50090A07A /* Build configuration list for PBXProject "BMSwiftTools" */;
			compatibilityVersion = "Xcode 13.0";
			developmentRegion = en;
			hasScannedForEncodings = 0;
			knownRegions = (
				en,
				Base,
			);
			mainGroup = 5E7AFFCE280571A50090A07A;
			productRefGroup = 5E7AFFD8280571A50090A07A /* Products */;
			projectDirPath = "";
			projectRoot = "";
			targets = (
				5E7AFFD6280571A50090A07A /* BMSwiftTools */,
				5E7AFFEC280571A70090A07A /* BMSwiftToolsTests */,
				5E7AFFF6280571A70090A07A /* BMSwiftToolsUITests */,
			);
		};
/* End PBXProject section */

/* Begin PBXResourcesBuildPhase section */
		5E7AFFD5280571A50090A07A /* Resources */ = {
			isa = PBXResourcesBuildPhase;
			buildActionMask = 2147483647;
			files = (
				5E7AFFE7280571A70090A07A /* LaunchScreen.storyboard in Resources */,
				5E7AFFE4280571A70090A07A /* Assets.xcassets in Resources */,
				5E7A0014280578B50090A07A /* main.json in Resources */,
				5E7AFFE2280571A50090A07A /* Main.storyboard in Resources */,
			);
			runOnlyForDeploymentPostprocessing = 0;
		};
		5E7AFFEB280571A70090A07A /* Resources */ = {
			isa = PBXResourcesBuildPhase;
			buildActionMask = 2147483647;
			files = (
			);
			runOnlyForDeploymentPostprocessing = 0;
		};
		5E7AFFF5280571A70090A07A /* Resources */ = {
			isa = PBXResourcesBuildPhase;
			buildActionMask = 2147483647;
			files = (
			);
			runOnlyForDeploymentPostprocessing = 0;
		};
/* End PBXResourcesBuildPhase section */

/* Begin PBXShellScriptBuildPhase section */
		97A68F6E4137383530F2B3C5 /* [CP] Copy Pods Resources */ = {
			isa = PBXShellScriptBuildPhase;
			buildActionMask = 2147483647;
			files = (
			);
			inputFileListPaths = (
				"${PODS_ROOT}/Target Support Files/Pods-BMSwiftTools/Pods-BMSwiftTools-resources-${CONFIGURATION}-input-files.xcfilelist",
			);
			name = "[CP] Copy Pods Resources";
			outputFileListPaths = (
				"${PODS_ROOT}/Target Support Files/Pods-BMSwiftTools/Pods-BMSwiftTools-resources-${CONFIGURATION}-output-files.xcfilelist",
			);
			runOnlyForDeploymentPostprocessing = 0;
			shellPath = /bin/sh;
			shellScript = "\"${PODS_ROOT}/Target Support Files/Pods-BMSwiftTools/Pods-BMSwiftTools-resources.sh\"\n";
			showEnvVarsInLog = 0;
		};
		9F8FD96E55CDBC0CED25928D /* [CP] Check Pods Manifest.lock */ = {
			isa = PBXShellScriptBuildPhase;
			buildActionMask = 2147483647;
			files = (
			);
			inputFileListPaths = (
			);
			inputPaths = (
				"${PODS_PODFILE_DIR_PATH}/Podfile.lock",
				"${PODS_ROOT}/Manifest.lock",
			);
			name = "[CP] Check Pods Manifest.lock";
			outputFileListPaths = (
			);
			outputPaths = (
				"$(DERIVED_FILE_DIR)/Pods-BMSwiftTools-checkManifestLockResult.txt",
			);
			runOnlyForDeploymentPostprocessing = 0;
			shellPath = /bin/sh;
			shellScript = "diff \"${PODS_PODFILE_DIR_PATH}/Podfile.lock\" \"${PODS_ROOT}/Manifest.lock\" > /dev/null\nif [ $? != 0 ] ; then\n    # print error to STDERR\n    echo \"error: The sandbox is not in sync with the Podfile.lock. Run 'pod install' or update your CocoaPods installation.\" >&2\n    exit 1\nfi\n# This output is used by Xcode 'outputs' to avoid re-running this script phase.\necho \"SUCCESS\" > \"${SCRIPT_OUTPUT_FILE_0}\"\n";
			showEnvVarsInLog = 0;
		};
/* End PBXShellScriptBuildPhase section */

/* Begin PBXSourcesBuildPhase section */
		5E7AFFD3280571A50090A07A /* Sources */ = {
			isa = PBXSourcesBuildPhase;
			buildActionMask = 2147483647;
			files = (
				5E7AFFDF280571A50090A07A /* ViewController.swift in Sources */,
				5E7AFFDB280571A50090A07A /* AppDelegate.swift in Sources */,
				5E7AFFDD280571A50090A07A /* SceneDelegate.swift in Sources */,
			);
			runOnlyForDeploymentPostprocessing = 0;
		};
		5E7AFFE9280571A70090A07A /* Sources */ = {
			isa = PBXSourcesBuildPhase;
			buildActionMask = 2147483647;
			files = (
				5E7AFFF2280571A70090A07A /* BMSwiftToolsTests.swift in Sources */,
			);
			runOnlyForDeploymentPostprocessing = 0;
		};
		5E7AFFF3280571A70090A07A /* Sources */ = {
			isa = PBXSourcesBuildPhase;
			buildActionMask = 2147483647;
			files = (
				5E7AFFFC280571A70090A07A /* BMSwiftToolsUITests.swift in Sources */,
				5E7AFFFE280571A70090A07A /* BMSwiftToolsUITestsLaunchTests.swift in Sources */,
			);
			runOnlyForDeploymentPostprocessing = 0;
		};
/* End PBXSourcesBuildPhase section */

/* Begin PBXTargetDependency section */
		5E7AFFEF280571A70090A07A /* PBXTargetDependency */ = {
			isa = PBXTargetDependency;
			target = 5E7AFFD6280571A50090A07A /* BMSwiftTools */;
			targetProxy = 5E7AFFEE280571A70090A07A /* PBXContainerItemProxy */;
		};
		5E7AFFF9280571A70090A07A /* PBXTargetDependency */ = {
			isa = PBXTargetDependency;
			target = 5E7AFFD6280571A50090A07A /* BMSwiftTools */;
			targetProxy = 5E7AFFF8280571A70090A07A /* PBXContainerItemProxy */;
		};
/* End PBXTargetDependency section */

/* Begin PBXVariantGroup section */
		5E7AFFE0280571A50090A07A /* Main.storyboard */ = {
			isa = PBXVariantGroup;
			children = (
				5E7AFFE1280571A50090A07A /* Base */,
			);
			name = Main.storyboard;
			sourceTree = "<group>";
		};
		5E7AFFE5280571A70090A07A /* LaunchScreen.storyboard */ = {
			isa = PBXVariantGroup;
			children = (
				5E7AFFE6280571A70090A07A /* Base */,
			);
			name = LaunchScreen.storyboard;
			sourceTree = "<group>";
		};
/* End PBXVariantGroup section */

/* Begin XCBuildConfiguration section */
		5E7A0000280571A70090A07A /* Release */ = {
			isa = XCBuildConfiguration;
			buildSettings = {
				ALWAYS_SEARCH_USER_PATHS = NO;
				CLANG_ANALYZER_NONNULL = YES;
				CLANG_ANALYZER_NUMBER_OBJECT_CONVERSION = YES_AGGRESSIVE;
				CLANG_CXX_LANGUAGE_STANDARD = "gnu++17";
				CLANG_ENABLE_MODULES = YES;
				CLANG_ENABLE_OBJC_ARC = YES;
				CLANG_ENABLE_OBJC_WEAK = YES;
				CLANG_WARN_BLOCK_CAPTURE_AUTORELEASING = YES;
				CLANG_WARN_BOOL_CONVERSION = YES;
				CLANG_WARN_COMMA = YES;
				CLANG_WARN_CONSTANT_CONVERSION = YES;
				CLANG_WARN_DEPRECATED_OBJC_IMPLEMENTATIONS = YES;
				CLANG_WARN_DIRECT_OBJC_ISA_USAGE = YES_ERROR;
				CLANG_WARN_DOCUMENTATION_COMMENTS = YES;
				CLANG_WARN_EMPTY_BODY = YES;
				CLANG_WARN_ENUM_CONVERSION = YES;
				CLANG_WARN_INFINITE_RECURSION = YES;
				CLANG_WARN_INT_CONVERSION = YES;
				CLANG_WARN_NON_LITERAL_NULL_CONVERSION = YES;
				CLANG_WARN_OBJC_IMPLICIT_RETAIN_SELF = YES;
				CLANG_WARN_OBJC_LITERAL_CONVERSION = YES;
				CLANG_WARN_OBJC_ROOT_CLASS = YES_ERROR;
				CLANG_WARN_QUOTED_INCLUDE_IN_FRAMEWORK_HEADER = YES;
				CLANG_WARN_RANGE_LOOP_ANALYSIS = YES;
				CLANG_WARN_STRICT_PROTOTYPES = YES;
				CLANG_WARN_SUSPICIOUS_MOVE = YES;
				CLANG_WARN_UNGUARDED_AVAILABILITY = YES_AGGRESSIVE;
				CLANG_WARN_UNREACHABLE_CODE = YES;
				CLANG_WARN__DUPLICATE_METHOD_MATCH = YES;
				COPY_PHASE_STRIP = NO;
				DEBUG_INFORMATION_FORMAT = "dwarf-with-dsym";
				ENABLE_NS_ASSERTIONS = NO;
				ENABLE_STRICT_OBJC_MSGSEND = YES;
				GCC_C_LANGUAGE_STANDARD = gnu11;
				GCC_NO_COMMON_BLOCKS = YES;
				GCC_WARN_64_TO_32_BIT_CONVERSION = YES;
				GCC_WARN_ABOUT_RETURN_TYPE = YES_ERROR;
				GCC_WARN_UNDECLARED_SELECTOR = YES;
				GCC_WARN_UNINITIALIZED_AUTOS = YES_AGGRESSIVE;
				GCC_WARN_UNUSED_FUNCTION = YES;
				GCC_WARN_UNUSED_VARIABLE = YES;
				IPHONEOS_DEPLOYMENT_TARGET = 15.4;
				MTL_ENABLE_DEBUG_INFO = NO;
				MTL_FAST_MATH = YES;
				SDKROOT = iphoneos;
				SWIFT_COMPILATION_MODE = wholemodule;
				SWIFT_OPTIMIZATION_LEVEL = "-O";
				VALIDATE_PRODUCT = YES;
			};
			name = Release;
		};
		5E7A0002280571A70090A07A /* Debug */ = {
			isa = XCBuildConfiguration;
			baseConfigurationReference = 6A5B768878F007CE48FB531D /* Pods-BMSwiftTools.debug.xcconfig */;
			buildSettings = {
				ASSETCATALOG_COMPILER_APPICON_NAME = AppIcon;
				ASSETCATALOG_COMPILER_GLOBAL_ACCENT_COLOR_NAME = AccentColor;
				CODE_SIGN_STYLE = Automatic;
				CURRENT_PROJECT_VERSION = 1;
				GENERATE_INFOPLIST_FILE = YES;
				INFOPLIST_FILE = BMSwiftTools/Info.plist;
				INFOPLIST_KEY_UIApplicationSupportsIndirectInputEvents = YES;
				INFOPLIST_KEY_UILaunchStoryboardName = LaunchScreen;
				INFOPLIST_KEY_UIMainStoryboardFile = Main;
				INFOPLIST_KEY_UISupportedInterfaceOrientations_iPad = "UIInterfaceOrientationPortrait UIInterfaceOrientationPortraitUpsideDown UIInterfaceOrientationLandscapeLeft UIInterfaceOrientationLandscapeRight";
				INFOPLIST_KEY_UISupportedInterfaceOrientations_iPhone = "UIInterfaceOrientationPortrait UIInterfaceOrientationLandscapeLeft UIInterfaceOrientationLandscapeRight";
				LD_RUNPATH_SEARCH_PATHS = (
					"$(inherited)",
					"@executable_path/Frameworks",
				);
				MARKETING_VERSION = 1.0;
				PRODUCT_BUNDLE_IDENTIFIER = blom.mxx.BMSwiftTools;
				PRODUCT_NAME = "$(TARGET_NAME)";
				SWIFT_EMIT_LOC_STRINGS = YES;
				SWIFT_VERSION = 5.0;
				TARGETED_DEVICE_FAMILY = "1,2";
			};
			name = Debug;
		};
		5E7A0003280571A70090A07A /* Release */ = {
			isa = XCBuildConfiguration;
			baseConfigurationReference = 2335B99EE16333F56BEF1CCF /* Pods-BMSwiftTools.release.xcconfig */;
			buildSettings = {
				ASSETCATALOG_COMPILER_APPICON_NAME = AppIcon;
				ASSETCATALOG_COMPILER_GLOBAL_ACCENT_COLOR_NAME = AccentColor;
				CODE_SIGN_STYLE = Automatic;
				CURRENT_PROJECT_VERSION = 1;
				GENERATE_INFOPLIST_FILE = YES;
				INFOPLIST_FILE = BMSwiftTools/Info.plist;
				INFOPLIST_KEY_UIApplicationSupportsIndirectInputEvents = YES;
				INFOPLIST_KEY_UILaunchStoryboardName = LaunchScreen;
				INFOPLIST_KEY_UIMainStoryboardFile = Main;
				INFOPLIST_KEY_UISupportedInterfaceOrientations_iPad = "UIInterfaceOrientationPortrait UIInterfaceOrientationPortraitUpsideDown UIInterfaceOrientationLandscapeLeft UIInterfaceOrientationLandscapeRight";
				INFOPLIST_KEY_UISupportedInterfaceOrientations_iPhone = "UIInterfaceOrientationPortrait UIInterfaceOrientationLandscapeLeft UIInterfaceOrientationLandscapeRight";
				LD_RUNPATH_SEARCH_PATHS = (
					"$(inherited)",
					"@executable_path/Frameworks",
				);
				MARKETING_VERSION = 1.0;
				PRODUCT_BUNDLE_IDENTIFIER = blom.mxx.BMSwiftTools;
				PRODUCT_NAME = "$(TARGET_NAME)";
				SWIFT_EMIT_LOC_STRINGS = YES;
				SWIFT_VERSION = 5.0;
				TARGETED_DEVICE_FAMILY = "1,2";
			};
			name = Release;
		};
		5E7A0005280571A70090A07A /* Debug */ = {
			isa = XCBuildConfiguration;
			buildSettings = {
				ALWAYS_EMBED_SWIFT_STANDARD_LIBRARIES = YES;
				BUNDLE_LOADER = "$(TEST_HOST)";
				CODE_SIGN_STYLE = Automatic;
				CURRENT_PROJECT_VERSION = 1;
				GENERATE_INFOPLIST_FILE = YES;
				IPHONEOS_DEPLOYMENT_TARGET = 15.4;
				MARKETING_VERSION = 1.0;
				PRODUCT_BUNDLE_IDENTIFIER = blom.mxx.BMSwiftToolsTests;
				PRODUCT_NAME = "$(TARGET_NAME)";
				SWIFT_EMIT_LOC_STRINGS = NO;
				SWIFT_VERSION = 5.0;
				TARGETED_DEVICE_FAMILY = "1,2";
				TEST_HOST = "$(BUILT_PRODUCTS_DIR)/BMSwiftTools.app/BMSwiftTools";
			};
			name = Debug;
		};
		5E7A0006280571A70090A07A /* Release */ = {
			isa = XCBuildConfiguration;
			buildSettings = {
				ALWAYS_EMBED_SWIFT_STANDARD_LIBRARIES = YES;
				BUNDLE_LOADER = "$(TEST_HOST)";
				CODE_SIGN_STYLE = Automatic;
				CURRENT_PROJECT_VERSION = 1;
				GENERATE_INFOPLIST_FILE = YES;
				IPHONEOS_DEPLOYMENT_TARGET = 15.4;
				MARKETING_VERSION = 1.0;
				PRODUCT_BUNDLE_IDENTIFIER = blom.mxx.BMSwiftToolsTests;
				PRODUCT_NAME = "$(TARGET_NAME)";
				SWIFT_EMIT_LOC_STRINGS = NO;
				SWIFT_VERSION = 5.0;
				TARGETED_DEVICE_FAMILY = "1,2";
				TEST_HOST = "$(BUILT_PRODUCTS_DIR)/BMSwiftTools.app/BMSwiftTools";
			};
			name = Release;
		};
		5E7A0008280571A70090A07A /* Debug */ = {
			isa = XCBuildConfiguration;
			buildSettings = {
				ALWAYS_EMBED_SWIFT_STANDARD_LIBRARIES = YES;
				CODE_SIGN_STYLE = Automatic;
				CURRENT_PROJECT_VERSION = 1;
				GENERATE_INFOPLIST_FILE = YES;
				MARKETING_VERSION = 1.0;
				PRODUCT_BUNDLE_IDENTIFIER = blom.mxx.BMSwiftToolsUITests;
				PRODUCT_NAME = "$(TARGET_NAME)";
				SWIFT_EMIT_LOC_STRINGS = NO;
				SWIFT_VERSION = 5.0;
				TARGETED_DEVICE_FAMILY = "1,2";
				TEST_TARGET_NAME = BMSwiftTools;
			};
			name = Debug;
		};
		5E7A0009280571A70090A07A /* Release */ = {
			isa = XCBuildConfiguration;
			buildSettings = {
				ALWAYS_EMBED_SWIFT_STANDARD_LIBRARIES = YES;
				CODE_SIGN_STYLE = Automatic;
				CURRENT_PROJECT_VERSION = 1;
				GENERATE_INFOPLIST_FILE = YES;
				MARKETING_VERSION = 1.0;
				PRODUCT_BUNDLE_IDENTIFIER = blom.mxx.BMSwiftToolsUITests;
				PRODUCT_NAME = "$(TARGET_NAME)";
				SWIFT_EMIT_LOC_STRINGS = NO;
				SWIFT_VERSION = 5.0;
				TARGETED_DEVICE_FAMILY = "1,2";
				TEST_TARGET_NAME = BMSwiftTools;
			};
			name = Release;
		};
		5E7AFFFF280571A70090A07A /* Debug */ = {
			isa = XCBuildConfiguration;
			buildSettings = {
				ALWAYS_SEARCH_USER_PATHS = NO;
				CLANG_ANALYZER_NONNULL = YES;
				CLANG_ANALYZER_NUMBER_OBJECT_CONVERSION = YES_AGGRESSIVE;
				CLANG_CXX_LANGUAGE_STANDARD = "gnu++17";
				CLANG_ENABLE_MODULES = YES;
				CLANG_ENABLE_OBJC_ARC = YES;
				CLANG_ENABLE_OBJC_WEAK = YES;
				CLANG_WARN_BLOCK_CAPTURE_AUTORELEASING = YES;
				CLANG_WARN_BOOL_CONVERSION = YES;
				CLANG_WARN_COMMA = YES;
				CLANG_WARN_CONSTANT_CONVERSION = YES;
				CLANG_WARN_DEPRECATED_OBJC_IMPLEMENTATIONS = YES;
				CLANG_WARN_DIRECT_OBJC_ISA_USAGE = YES_ERROR;
				CLANG_WARN_DOCUMENTATION_COMMENTS = YES;
				CLANG_WARN_EMPTY_BODY = YES;
				CLANG_WARN_ENUM_CONVERSION = YES;
				CLANG_WARN_INFINITE_RECURSION = YES;
				CLANG_WARN_INT_CONVERSION = YES;
				CLANG_WARN_NON_LITERAL_NULL_CONVERSION = YES;
				CLANG_WARN_OBJC_IMPLICIT_RETAIN_SELF = YES;
				CLANG_WARN_OBJC_LITERAL_CONVERSION = YES;
				CLANG_WARN_OBJC_ROOT_CLASS = YES_ERROR;
				CLANG_WARN_QUOTED_INCLUDE_IN_FRAMEWORK_HEADER = YES;
				CLANG_WARN_RANGE_LOOP_ANALYSIS = YES;
				CLANG_WARN_STRICT_PROTOTYPES = YES;
				CLANG_WARN_SUSPICIOUS_MOVE = YES;
				CLANG_WARN_UNGUARDED_AVAILABILITY = YES_AGGRESSIVE;
				CLANG_WARN_UNREACHABLE_CODE = YES;
				CLANG_WARN__DUPLICATE_METHOD_MATCH = YES;
				COPY_PHASE_STRIP = NO;
				DEBUG_INFORMATION_FORMAT = dwarf;
				ENABLE_STRICT_OBJC_MSGSEND = YES;
				ENABLE_TESTABILITY = YES;
				GCC_C_LANGUAGE_STANDARD = gnu11;
				GCC_DYNAMIC_NO_PIC = NO;
				GCC_NO_COMMON_BLOCKS = YES;
				GCC_OPTIMIZATION_LEVEL = 0;
				GCC_PREPROCESSOR_DEFINITIONS = (
					"DEBUG=1",
					"$(inherited)",
				);
				GCC_WARN_64_TO_32_BIT_CONVERSION = YES;
				GCC_WARN_ABOUT_RETURN_TYPE = YES_ERROR;
				GCC_WARN_UNDECLARED_SELECTOR = YES;
				GCC_WARN_UNINITIALIZED_AUTOS = YES_AGGRESSIVE;
				GCC_WARN_UNUSED_FUNCTION = YES;
				GCC_WARN_UNUSED_VARIABLE = YES;
				IPHONEOS_DEPLOYMENT_TARGET = 15.4;
				MTL_ENABLE_DEBUG_INFO = INCLUDE_SOURCE;
				MTL_FAST_MATH = YES;
				ONLY_ACTIVE_ARCH = YES;
				SDKROOT = iphoneos;
				SWIFT_ACTIVE_COMPILATION_CONDITIONS = DEBUG;
				SWIFT_OPTIMIZATION_LEVEL = "-Onone";
			};
			name = Debug;
		};
/* End XCBuildConfiguration section */

/* Begin XCConfigurationList section */
		5E7A0001280571A70090A07A /* Build configuration list for PBXNativeTarget "BMSwiftTools" */ = {
			isa = XCConfigurationList;
			buildConfigurations = (
				5E7A0002280571A70090A07A /* Debug */,
				5E7A0003280571A70090A07A /* Release */,
			);
			defaultConfigurationIsVisible = 0;
			defaultConfigurationName = Release;
		};
		5E7A0004280571A70090A07A /* Build configuration list for PBXNativeTarget "BMSwiftToolsTests" */ = {
			isa = XCConfigurationList;
			buildConfigurations = (
				5E7A0005280571A70090A07A /* Debug */,
				5E7A0006280571A70090A07A /* Release */,
			);
			defaultConfigurationIsVisible = 0;
			defaultConfigurationName = Release;
		};
		5E7A0007280571A70090A07A /* Build configuration list for PBXNativeTarget "BMSwiftToolsUITests" */ = {
			isa = XCConfigurationList;
			buildConfigurations = (
				5E7A0008280571A70090A07A /* Debug */,
				5E7A0009280571A70090A07A /* Release */,
			);
			defaultConfigurationIsVisible = 0;
			defaultConfigurationName = Release;
		};
		5E7AFFD2280571A50090A07A /* Build configuration list for PBXProject "BMSwiftTools" */ = {
			isa = XCConfigurationList;
			buildConfigurations = (
				5E7AFFFF280571A70090A07A /* Debug */,
				5E7A0000280571A70090A07A /* Release */,
			);
			defaultConfigurationIsVisible = 0;
			defaultConfigurationName = Release;
		};
/* End XCConfigurationList section */
	};
	rootObject = 5E7AFFCF280571A50090A07A /* Project object */;
}
