// !$*UTF8*$!
{
	archiveVersion = 1;
	classes = {
	};
	objectVersion = 55;
	objects = {

/* Begin PBXBuildFile section */
		5E101F7D2849CBC40014EE61 /* ExampleNavigationController.swift in Sources */ = {isa = PBXBuildFile; fileRef = 5E101F7C2849CBC40014EE61 /* ExampleNavigationController.swift */; };
		5E101F7F2849CBCE0014EE61 /* ExampleProvider.swift in Sources */ = {isa = PBXBuildFile; fileRef = 5E101F7E2849CBCE0014EE61 /* ExampleProvider.swift */; };
		5E101F8A2849CCF30014EE61 /* Localizable.strings in Resources */ = {isa = PBXBuildFile; fileRef = 5E101F812849CCF30014EE61 /* Localizable.strings */; };
		5E101F8B2849CCF30014EE61 /* ESTabBarItemMoreContentView.swift in Sources */ = {isa = PBXBuildFile; fileRef = 5E101F832849CCF30014EE61 /* ESTabBarItemMoreContentView.swift */; };
		5E101F8C2849CCF30014EE61 /* ESTabBarController.swift in Sources */ = {isa = PBXBuildFile; fileRef = 5E101F842849CCF30014EE61 /* ESTabBarController.swift */; };
		5E101F8D2849CCF30014EE61 /* ESTabBarItemContentView.swift in Sources */ = {isa = PBXBuildFile; fileRef = 5E101F852849CCF30014EE61 /* ESTabBarItemContentView.swift */; };
		5E101F8E2849CCF30014EE61 /* ESTabBarItem.swift in Sources */ = {isa = PBXBuildFile; fileRef = 5E101F862849CCF30014EE61 /* ESTabBarItem.swift */; };
		5E101F8F2849CCF30014EE61 /* ESTabBarItemBadgeView.swift in Sources */ = {isa = PBXBuildFile; fileRef = 5E101F872849CCF30014EE61 /* ESTabBarItemBadgeView.swift */; };
		5E101F902849CCF30014EE61 /* ESTabBar.swift in Sources */ = {isa = PBXBuildFile; fileRef = 5E101F882849CCF30014EE61 /* ESTabBar.swift */; };
		5E101F912849CCF30014EE61 /* ESTabBarItemContainer.swift in Sources */ = {isa = PBXBuildFile; fileRef = 5E101F892849CCF30014EE61 /* ESTabBarItemContainer.swift */; };
		5E101F932849CD720014EE61 /* ExampleViewController.swift in Sources */ = {isa = PBXBuildFile; fileRef = 5E101F922849CD720014EE61 /* ExampleViewController.swift */; };
		5E101F952849CE080014EE61 /* ExampleBouncesContentView.swift in Sources */ = {isa = PBXBuildFile; fileRef = 5E101F942849CE080014EE61 /* ExampleBouncesContentView.swift */; };
		5E101F972849CE4A0014EE61 /* ExampleBasicContentView.swift in Sources */ = {isa = PBXBuildFile; fileRef = 5E101F962849CE4A0014EE61 /* ExampleBasicContentView.swift */; };
		5E13967D28F15BFE00A5FFBE /* CommonEnum.swift in Sources */ = {isa = PBXBuildFile; fileRef = 5E13967B28F15BFD00A5FFBE /* CommonEnum.swift */; };
		5E13967E28F15BFE00A5FFBE /* CommonConstant.swift in Sources */ = {isa = PBXBuildFile; fileRef = 5E13967C28F15BFE00A5FFBE /* CommonConstant.swift */; };
		5E13968028F1645300A5FFBE /* String+Size.swift in Sources */ = {isa = PBXBuildFile; fileRef = 5E13967F28F1645300A5FFBE /* String+Size.swift */; };
		5E13968228F1647100A5FFBE /* UIFont+Extension.swift in Sources */ = {isa = PBXBuildFile; fileRef = 5E13968128F1647100A5FFBE /* UIFont+Extension.swift */; };
		5E13968628F1680D00A5FFBE /* ButtonWithImageAndTitleExtension.swift in Sources */ = {isa = PBXBuildFile; fileRef = 5E13968528F1680D00A5FFBE /* ButtonWithImageAndTitleExtension.swift */; };
		5E13968B28F16B4000A5FFBE /* UIGradientExtension.swift in Sources */ = {isa = PBXBuildFile; fileRef = 5E13968828F16B3F00A5FFBE /* UIGradientExtension.swift */; };
		5E13968C28F16B4000A5FFBE /* UIGradientHelper.swift in Sources */ = {isa = PBXBuildFile; fileRef = 5E13968928F16B3F00A5FFBE /* UIGradientHelper.swift */; };
		5E13968D28F16B4000A5FFBE /* GradientLayer.swift in Sources */ = {isa = PBXBuildFile; fileRef = 5E13968A28F16B3F00A5FFBE /* GradientLayer.swift */; };
		5E27460A282A0D9000C2D686 /* TupleRegex.swift in Sources */ = {isa = PBXBuildFile; fileRef = 5E274609282A0D9000C2D686 /* TupleRegex.swift */; };
		5E274613282A2E5C00C2D686 /* BMTextField.swift in Sources */ = {isa = PBXBuildFile; fileRef = 5E274610282A2E5C00C2D686 /* BMTextField.swift */; };
		5E274614282A2E5C00C2D686 /* BMTextInput+Extension.swift in Sources */ = {isa = PBXBuildFile; fileRef = 5E274611282A2E5C00C2D686 /* BMTextInput+Extension.swift */; };
		5E274615282A2E5C00C2D686 /* BMTextView.swift in Sources */ = {isa = PBXBuildFile; fileRef = 5E274612282A2E5C00C2D686 /* BMTextView.swift */; };
		5E274617282A2F7E00C2D686 /* BMTestTextInputController.swift in Sources */ = {isa = PBXBuildFile; fileRef = 5E274616282A2F7E00C2D686 /* BMTestTextInputController.swift */; };
		5E274627282A385E00C2D686 /* OCBMTextField.m in Sources */ = {isa = PBXBuildFile; fileRef = 5E274626282A385E00C2D686 /* OCBMTextField.m */; };
		5E274629282A6F5E00C2D686 /* DemoViewController.swift in Sources */ = {isa = PBXBuildFile; fileRef = 5E274628282A6F5E00C2D686 /* DemoViewController.swift */; };
		5E274667282A88D900C2D686 /* GiftSendBtnView.swift in Sources */ = {isa = PBXBuildFile; fileRef = 5E274666282A88D900C2D686 /* GiftSendBtnView.swift */; };
		5E2746FF282A94C000C2D686 /* UIColor+Extension.swift in Sources */ = {isa = PBXBuildFile; fileRef = 5E2746FE282A94C000C2D686 /* UIColor+Extension.swift */; };
		5E274701282B560300C2D686 /* BMButton.swift in Sources */ = {isa = PBXBuildFile; fileRef = 5E274700282B560200C2D686 /* BMButton.swift */; };
		5E274706282B9B1A00C2D686 /* GiftPopMenu.swift in Sources */ = {isa = PBXBuildFile; fileRef = 5E274705282B9B1A00C2D686 /* GiftPopMenu.swift */; };
		5E274708282BAFAA00C2D686 /* GiftNumInputView.swift in Sources */ = {isa = PBXBuildFile; fileRef = 5E274707282BAFAA00C2D686 /* GiftNumInputView.swift */; };
		5E27470B282BD68B00C2D686 /* JGGKeyboardView.swift in Sources */ = {isa = PBXBuildFile; fileRef = 5E27470A282BD68B00C2D686 /* JGGKeyboardView.swift */; };
		5E27470D282BD7AC00C2D686 /* KeyBoardCell.swift in Sources */ = {isa = PBXBuildFile; fileRef = 5E27470C282BD7AC00C2D686 /* KeyBoardCell.swift */; };
		5E274724282CDC0C00C2D686 /* WZZKeyboardManager.m in Sources */ = {isa = PBXBuildFile; fileRef = 5E274723282CDC0C00C2D686 /* WZZKeyboardManager.m */; };
		5E48B6C628DC441A0044B196 /* MD5.swift in Sources */ = {isa = PBXBuildFile; fileRef = 5E48B6C528DC441A0044B196 /* MD5.swift */; };
		5E76180F2828B3A200BD5E69 /* HomeViewController.swift in Sources */ = {isa = PBXBuildFile; fileRef = 5E76180E2828B3A200BD5E69 /* HomeViewController.swift */; };
		5E7618112828B3B400BD5E69 /* MeViewController.swift in Sources */ = {isa = PBXBuildFile; fileRef = 5E7618102828B3B400BD5E69 /* MeViewController.swift */; };
		5E7618132828B3C500BD5E69 /* LiveViewController.swift in Sources */ = {isa = PBXBuildFile; fileRef = 5E7618122828B3C500BD5E69 /* LiveViewController.swift */; };
		5E7618152828B3FD00BD5E69 /* BaseTabBarController.swift in Sources */ = {isa = PBXBuildFile; fileRef = 5E7618142828B3FD00BD5E69 /* BaseTabBarController.swift */; };
		5E7618172828B41400BD5E69 /* BaseTabBar.swift in Sources */ = {isa = PBXBuildFile; fileRef = 5E7618162828B41400BD5E69 /* BaseTabBar.swift */; };
		5E7618192828B45600BD5E69 /* API.swift in Sources */ = {isa = PBXBuildFile; fileRef = 5E7618182828B45600BD5E69 /* API.swift */; };
		5E7618232828B7B100BD5E69 /* ExampleModel.swift in Sources */ = {isa = PBXBuildFile; fileRef = 5E7618222828B7B100BD5E69 /* ExampleModel.swift */; };
		5E7618262828D9CC00BD5E69 /* Date+Extensions.swift in Sources */ = {isa = PBXBuildFile; fileRef = 5E7618252828D9CC00BD5E69 /* Date+Extensions.swift */; };
		5E7A0014280578B50090A07A /* main.json in Resources */ = {isa = PBXBuildFile; fileRef = 5E7A0012280578B50090A07A /* main.json */; };
		5E7AFFDB280571A50090A07A /* AppDelegate.swift in Sources */ = {isa = PBXBuildFile; fileRef = 5E7AFFDA280571A50090A07A /* AppDelegate.swift */; };
		5E7AFFDD280571A50090A07A /* SceneDelegate.swift in Sources */ = {isa = PBXBuildFile; fileRef = 5E7AFFDC280571A50090A07A /* SceneDelegate.swift */; };
		5E7AFFDF280571A50090A07A /* ViewController.swift in Sources */ = {isa = PBXBuildFile; fileRef = 5E7AFFDE280571A50090A07A /* ViewController.swift */; };
		5E7AFFE2280571A50090A07A /* Main.storyboard in Resources */ = {isa = PBXBuildFile; fileRef = 5E7AFFE0280571A50090A07A /* Main.storyboard */; };
		5E7AFFE4280571A70090A07A /* Assets.xcassets in Resources */ = {isa = PBXBuildFile; fileRef = 5E7AFFE3280571A70090A07A /* Assets.xcassets */; };
		5E7AFFE7280571A70090A07A /* LaunchScreen.storyboard in Resources */ = {isa = PBXBuildFile; fileRef = 5E7AFFE5280571A70090A07A /* LaunchScreen.storyboard */; };
		5E7AFFF2280571A70090A07A /* BMSwiftToolsTests.swift in Sources */ = {isa = PBXBuildFile; fileRef = 5E7AFFF1280571A70090A07A /* BMSwiftToolsTests.swift */; };
		5E7AFFFC280571A70090A07A /* BMSwiftToolsUITests.swift in Sources */ = {isa = PBXBuildFile; fileRef = 5E7AFFFB280571A70090A07A /* BMSwiftToolsUITests.swift */; };
		5E7AFFFE280571A70090A07A /* BMSwiftToolsUITestsLaunchTests.swift in Sources */ = {isa = PBXBuildFile; fileRef = 5E7AFFFD280571A70090A07A /* BMSwiftToolsUITestsLaunchTests.swift */; };
		5E9383B7283B9EBF00C5D383 /* Models.swift in Sources */ = {isa = PBXBuildFile; fileRef = 5E9383B6283B9EBF00C5D383 /* Models.swift */; };
		5E9383BC283BA03C00C5D383 /* Protocols.swift in Sources */ = {isa = PBXBuildFile; fileRef = 5E9383BB283BA03C00C5D383 /* Protocols.swift */; };
		5E9383BE283C765800C5D383 /* TaskHeaderView.swift in Sources */ = {isa = PBXBuildFile; fileRef = 5E9383BD283C765800C5D383 /* TaskHeaderView.swift */; };
		5E9383C0283C81FC00C5D383 /* TaskLevelCollectionView.swift in Sources */ = {isa = PBXBuildFile; fileRef = 5E9383BF283C81FC00C5D383 /* TaskLevelCollectionView.swift */; };
		5E9383C2283C829100C5D383 /* TaskCollectionViewCell.swift in Sources */ = {isa = PBXBuildFile; fileRef = 5E9383C1283C829100C5D383 /* TaskCollectionViewCell.swift */; };
		5E9383C4283C87EA00C5D383 /* TaskTableViewCell.swift in Sources */ = {isa = PBXBuildFile; fileRef = 5E9383C3283C87EA00C5D383 /* TaskTableViewCell.swift */; };
		5EA008C8281A735F008E1406 /* StringManager.swift in Sources */ = {isa = PBXBuildFile; fileRef = 5EA008C7281A735F008E1406 /* StringManager.swift */; };
		5EA3F54228F101FC007AAB60 /* BreatheImageView.swift in Sources */ = {isa = PBXBuildFile; fileRef = 5EA3F53D28F101FC007AAB60 /* BreatheImageView.swift */; };
		5EA3F54328F101FC007AAB60 /* UIEdgeInsets+Ext.swift in Sources */ = {isa = PBXBuildFile; fileRef = 5EA3F53F28F101FC007AAB60 /* UIEdgeInsets+Ext.swift */; };
		5EA3F54428F101FC007AAB60 /* Array+Ext.swift in Sources */ = {isa = PBXBuildFile; fileRef = 5EA3F54028F101FC007AAB60 /* Array+Ext.swift */; };
		5EA3F54A28F103BD007AAB60 /* RectRadarAnimationView.swift in Sources */ = {isa = PBXBuildFile; fileRef = 5EA3F54828F103BD007AAB60 /* RectRadarAnimationView.swift */; };
		5EA3F54B28F103BD007AAB60 /* RadarDiffusionAnimationontroller.swift in Sources */ = {isa = PBXBuildFile; fileRef = 5EA3F54928F103BD007AAB60 /* RadarDiffusionAnimationontroller.swift */; };
		5EAD48822805BB13005371AA /* BMConstraintsController.swift in Sources */ = {isa = PBXBuildFile; fileRef = 5EAD48812805BB13005371AA /* BMConstraintsController.swift */; };
		5EC725D028EBFD58007D4703 /* FloatButton.swift in Sources */ = {isa = PBXBuildFile; fileRef = 5EC725CF28EBFD58007D4703 /* FloatButton.swift */; };
		5EC725D228EC0427007D4703 /* BMBubbleView.swift in Sources */ = {isa = PBXBuildFile; fileRef = 5EC725D128EC0427007D4703 /* BMBubbleView.swift */; };
		5EC725D928EC2285007D4703 /* BMDragView.swift in Sources */ = {isa = PBXBuildFile; fileRef = 5EC725D828EC2285007D4703 /* BMDragView.swift */; };
		5EFA4DA528E2BE5500ABEFC9 /* iPhoneSafeSize.swift in Sources */ = {isa = PBXBuildFile; fileRef = 5EFA4DA428E2BE5500ABEFC9 /* iPhoneSafeSize.swift */; };
		5EFD9E12280814960026F04F /* UIImage+HXTools.swift in Sources */ = {isa = PBXBuildFile; fileRef = 5EFD9E02280814960026F04F /* UIImage+HXTools.swift */; };
		5EFD9E13280814960026F04F /* UIColor+HXTools.swift in Sources */ = {isa = PBXBuildFile; fileRef = 5EFD9E03280814960026F04F /* UIColor+HXTools.swift */; };
		5EFD9E14280814960026F04F /* UIView+HXTools.swift in Sources */ = {isa = PBXBuildFile; fileRef = 5EFD9E04280814960026F04F /* UIView+HXTools.swift */; };
		5EFD9E15280814960026F04F /* String+HXTools.swift in Sources */ = {isa = PBXBuildFile; fileRef = 5EFD9E06280814960026F04F /* String+HXTools.swift */; };
		5EFD9E16280814960026F04F /* Array+HXTools.swift in Sources */ = {isa = PBXBuildFile; fileRef = 5EFD9E07280814960026F04F /* Array+HXTools.swift */; };
		5EFD9E17280814960026F04F /* DispathQueue+HXTools.swift in Sources */ = {isa = PBXBuildFile; fileRef = 5EFD9E08280814960026F04F /* DispathQueue+HXTools.swift */; };
		5EFD9E18280814960026F04F /* Dictionary+HXTools.swift in Sources */ = {isa = PBXBuildFile; fileRef = 5EFD9E09280814960026F04F /* Dictionary+HXTools.swift */; };
		5EFD9E19280814960026F04F /* Date+HXTools.swift in Sources */ = {isa = PBXBuildFile; fileRef = 5EFD9E0A280814960026F04F /* Date+HXTools.swift */; };
		5EFD9E1A280814960026F04F /* HXAlertTool.swift in Sources */ = {isa = PBXBuildFile; fileRef = 5EFD9E0C280814960026F04F /* HXAlertTool.swift */; };
		5EFD9E1B280814960026F04F /* HXReuseable.swift in Sources */ = {isa = PBXBuildFile; fileRef = 5EFD9E0D280814960026F04F /* HXReuseable.swift */; };
		5EFD9E1C280814960026F04F /* HXGlobalTool.swift in Sources */ = {isa = PBXBuildFile; fileRef = 5EFD9E0F280814960026F04F /* HXGlobalTool.swift */; };
		5EFD9E1D280814960026F04F /* HXGlobalFuncs.swift in Sources */ = {isa = PBXBuildFile; fileRef = 5EFD9E10280814960026F04F /* HXGlobalFuncs.swift */; };
		5EFD9E21280816B60026F04F /* Images.xcassets in Resources */ = {isa = PBXBuildFile; fileRef = 5EFD9E20280816B60026F04F /* Images.xcassets */; };
		5EFD9E242808170B0026F04F /* Version.swift in Sources */ = {isa = PBXBuildFile; fileRef = 5EFD9E232808170B0026F04F /* Version.swift */; };
		5EFD9E26280817100026F04F /* Define.swift in Sources */ = {isa = PBXBuildFile; fileRef = 5EFD9E25280817100026F04F /* Define.swift */; };
		5EFD9E282808171C0026F04F /* UserDefault.swift in Sources */ = {isa = PBXBuildFile; fileRef = 5EFD9E272808171C0026F04F /* UserDefault.swift */; };
		5EFD9E2A280817300026F04F /* Device.swift in Sources */ = {isa = PBXBuildFile; fileRef = 5EFD9E29280817300026F04F /* Device.swift */; };
		8AE5FB9CCF62CFB21447E852 /* Pods_BMSwiftTools.framework in Frameworks */ = {isa = PBXBuildFile; fileRef = 4A9D4E2122FE768BA2778CBE /* Pods_BMSwiftTools.framework */; };
/* End PBXBuildFile section */

/* Begin PBXContainerItemProxy section */
		5E7AFFEE280571A70090A07A /* PBXContainerItemProxy */ = {
			isa = PBXContainerItemProxy;
			containerPortal = 5E7AFFCF280571A50090A07A /* Project object */;
			proxyType = 1;
			remoteGlobalIDString = 5E7AFFD6280571A50090A07A;
			remoteInfo = BMSwiftTools;
		};
		5E7AFFF8280571A70090A07A /* PBXContainerItemProxy */ = {
			isa = PBXContainerItemProxy;
			containerPortal = 5E7AFFCF280571A50090A07A /* Project object */;
			proxyType = 1;
			remoteGlobalIDString = 5E7AFFD6280571A50090A07A;
			remoteInfo = BMSwiftTools;
		};
/* End PBXContainerItemProxy section */

/* Begin PBXFileReference section */
		2335B99EE16333F56BEF1CCF /* Pods-BMSwiftTools.release.xcconfig */ = {isa = PBXFileReference; includeInIndex = 1; lastKnownFileType = text.xcconfig; name = "Pods-BMSwiftTools.release.xcconfig"; path = "Target Support Files/Pods-BMSwiftTools/Pods-BMSwiftTools.release.xcconfig"; sourceTree = "<group>"; };
		4A9D4E2122FE768BA2778CBE /* Pods_BMSwiftTools.framework */ = {isa = PBXFileReference; explicitFileType = wrapper.framework; includeInIndex = 0; path = Pods_BMSwiftTools.framework; sourceTree = BUILT_PRODUCTS_DIR; };
		5E101F7C2849CBC40014EE61 /* ExampleNavigationController.swift */ = {isa = PBXFileReference; fileEncoding = 4; lastKnownFileType = sourcecode.swift; path = ExampleNavigationController.swift; sourceTree = "<group>"; };
		5E101F7E2849CBCE0014EE61 /* ExampleProvider.swift */ = {isa = PBXFileReference; fileEncoding = 4; lastKnownFileType = sourcecode.swift; path = ExampleProvider.swift; sourceTree = "<group>"; };
		5E101F822849CCF30014EE61 /* en */ = {isa = PBXFileReference; lastKnownFileType = text.plist.strings; name = en; path = en.lproj/Localizable.strings; sourceTree = "<group>"; };
		5E101F832849CCF30014EE61 /* ESTabBarItemMoreContentView.swift */ = {isa = PBXFileReference; fileEncoding = 4; lastKnownFileType = sourcecode.swift; path = ESTabBarItemMoreContentView.swift; sourceTree = "<group>"; };
		5E101F842849CCF30014EE61 /* ESTabBarController.swift */ = {isa = PBXFileReference; fileEncoding = 4; lastKnownFileType = sourcecode.swift; path = ESTabBarController.swift; sourceTree = "<group>"; };
		5E101F852849CCF30014EE61 /* ESTabBarItemContentView.swift */ = {isa = PBXFileReference; fileEncoding = 4; lastKnownFileType = sourcecode.swift; path = ESTabBarItemContentView.swift; sourceTree = "<group>"; };
		5E101F862849CCF30014EE61 /* ESTabBarItem.swift */ = {isa = PBXFileReference; fileEncoding = 4; lastKnownFileType = sourcecode.swift; path = ESTabBarItem.swift; sourceTree = "<group>"; };
		5E101F872849CCF30014EE61 /* ESTabBarItemBadgeView.swift */ = {isa = PBXFileReference; fileEncoding = 4; lastKnownFileType = sourcecode.swift; path = ESTabBarItemBadgeView.swift; sourceTree = "<group>"; };
		5E101F882849CCF30014EE61 /* ESTabBar.swift */ = {isa = PBXFileReference; fileEncoding = 4; lastKnownFileType = sourcecode.swift; path = ESTabBar.swift; sourceTree = "<group>"; };
		5E101F892849CCF30014EE61 /* ESTabBarItemContainer.swift */ = {isa = PBXFileReference; fileEncoding = 4; lastKnownFileType = sourcecode.swift; path = ESTabBarItemContainer.swift; sourceTree = "<group>"; };
		5E101F922849CD720014EE61 /* ExampleViewController.swift */ = {isa = PBXFileReference; fileEncoding = 4; lastKnownFileType = sourcecode.swift; path = ExampleViewController.swift; sourceTree = "<group>"; };
		5E101F942849CE080014EE61 /* ExampleBouncesContentView.swift */ = {isa = PBXFileReference; fileEncoding = 4; lastKnownFileType = sourcecode.swift; path = ExampleBouncesContentView.swift; sourceTree = "<group>"; };
		5E101F962849CE4A0014EE61 /* ExampleBasicContentView.swift */ = {isa = PBXFileReference; fileEncoding = 4; lastKnownFileType = sourcecode.swift; path = ExampleBasicContentView.swift; sourceTree = "<group>"; };
		5E13967B28F15BFD00A5FFBE /* CommonEnum.swift */ = {isa = PBXFileReference; fileEncoding = 4; lastKnownFileType = sourcecode.swift; path = CommonEnum.swift; sourceTree = "<group>"; };
		5E13967C28F15BFE00A5FFBE /* CommonConstant.swift */ = {isa = PBXFileReference; fileEncoding = 4; lastKnownFileType = sourcecode.swift; path = CommonConstant.swift; sourceTree = "<group>"; };
		5E13967F28F1645300A5FFBE /* String+Size.swift */ = {isa = PBXFileReference; fileEncoding = 4; lastKnownFileType = sourcecode.swift; path = "String+Size.swift"; sourceTree = "<group>"; };
		5E13968128F1647100A5FFBE /* UIFont+Extension.swift */ = {isa = PBXFileReference; fileEncoding = 4; lastKnownFileType = sourcecode.swift; path = "UIFont+Extension.swift"; sourceTree = "<group>"; };
		5E13968528F1680D00A5FFBE /* ButtonWithImageAndTitleExtension.swift */ = {isa = PBXFileReference; fileEncoding = 4; lastKnownFileType = sourcecode.swift; path = ButtonWithImageAndTitleExtension.swift; sourceTree = "<group>"; };
		5E13968828F16B3F00A5FFBE /* UIGradientExtension.swift */ = {isa = PBXFileReference; fileEncoding = 4; lastKnownFileType = sourcecode.swift; path = UIGradientExtension.swift; sourceTree = "<group>"; };
		5E13968928F16B3F00A5FFBE /* UIGradientHelper.swift */ = {isa = PBXFileReference; fileEncoding = 4; lastKnownFileType = sourcecode.swift; path = UIGradientHelper.swift; sourceTree = "<group>"; };
		5E13968A28F16B3F00A5FFBE /* GradientLayer.swift */ = {isa = PBXFileReference; fileEncoding = 4; lastKnownFileType = sourcecode.swift; path = GradientLayer.swift; sourceTree = "<group>"; };
		5E274609282A0D9000C2D686 /* TupleRegex.swift */ = {isa = PBXFileReference; fileEncoding = 4; lastKnownFileType = sourcecode.swift; path = TupleRegex.swift; sourceTree = "<group>"; };
		5E274610282A2E5C00C2D686 /* BMTextField.swift */ = {isa = PBXFileReference; fileEncoding = 4; lastKnownFileType = sourcecode.swift; path = BMTextField.swift; sourceTree = "<group>"; };
		5E274611282A2E5C00C2D686 /* BMTextInput+Extension.swift */ = {isa = PBXFileReference; fileEncoding = 4; lastKnownFileType = sourcecode.swift; path = "BMTextInput+Extension.swift"; sourceTree = "<group>"; };
		5E274612282A2E5C00C2D686 /* BMTextView.swift */ = {isa = PBXFileReference; fileEncoding = 4; lastKnownFileType = sourcecode.swift; path = BMTextView.swift; sourceTree = "<group>"; };
		5E274616282A2F7E00C2D686 /* BMTestTextInputController.swift */ = {isa = PBXFileReference; fileEncoding = 4; lastKnownFileType = sourcecode.swift; path = BMTestTextInputController.swift; sourceTree = "<group>"; };
		5E274625282A385E00C2D686 /* OCBMTextField.h */ = {isa = PBXFileReference; lastKnownFileType = sourcecode.c.h; path = OCBMTextField.h; sourceTree = "<group>"; };
		5E274626282A385E00C2D686 /* OCBMTextField.m */ = {isa = PBXFileReference; lastKnownFileType = sourcecode.c.objc; path = OCBMTextField.m; sourceTree = "<group>"; };
		5E274628282A6F5E00C2D686 /* DemoViewController.swift */ = {isa = PBXFileReference; lastKnownFileType = sourcecode.swift; path = DemoViewController.swift; sourceTree = "<group>"; };
		5E274666282A88D900C2D686 /* GiftSendBtnView.swift */ = {isa = PBXFileReference; lastKnownFileType = sourcecode.swift; path = GiftSendBtnView.swift; sourceTree = "<group>"; };
		5E2746FE282A94C000C2D686 /* UIColor+Extension.swift */ = {isa = PBXFileReference; fileEncoding = 4; lastKnownFileType = sourcecode.swift; path = "UIColor+Extension.swift"; sourceTree = "<group>"; };
		5E274700282B560200C2D686 /* BMButton.swift */ = {isa = PBXFileReference; fileEncoding = 4; lastKnownFileType = sourcecode.swift; path = BMButton.swift; sourceTree = "<group>"; };
		5E274705282B9B1A00C2D686 /* GiftPopMenu.swift */ = {isa = PBXFileReference; fileEncoding = 4; lastKnownFileType = sourcecode.swift; path = GiftPopMenu.swift; sourceTree = "<group>"; };
		5E274707282BAFAA00C2D686 /* GiftNumInputView.swift */ = {isa = PBXFileReference; lastKnownFileType = sourcecode.swift; path = GiftNumInputView.swift; sourceTree = "<group>"; };
		5E27470A282BD68B00C2D686 /* JGGKeyboardView.swift */ = {isa = PBXFileReference; lastKnownFileType = sourcecode.swift; path = JGGKeyboardView.swift; sourceTree = "<group>"; };
		5E27470C282BD7AC00C2D686 /* KeyBoardCell.swift */ = {isa = PBXFileReference; lastKnownFileType = sourcecode.swift; path = KeyBoardCell.swift; sourceTree = "<group>"; };
		5E274722282CDC0C00C2D686 /* WZZKeyboardManager.h */ = {isa = PBXFileReference; fileEncoding = 4; lastKnownFileType = sourcecode.c.h; path = WZZKeyboardManager.h; sourceTree = "<group>"; };
		5E274723282CDC0C00C2D686 /* WZZKeyboardManager.m */ = {isa = PBXFileReference; fileEncoding = 4; lastKnownFileType = sourcecode.c.objc; path = WZZKeyboardManager.m; sourceTree = "<group>"; };
		5E48B6C528DC441A0044B196 /* MD5.swift */ = {isa = PBXFileReference; fileEncoding = 4; lastKnownFileType = sourcecode.swift; path = MD5.swift; sourceTree = "<group>"; };
		5E76180E2828B3A200BD5E69 /* HomeViewController.swift */ = {isa = PBXFileReference; lastKnownFileType = sourcecode.swift; path = HomeViewController.swift; sourceTree = "<group>"; };
		5E7618102828B3B400BD5E69 /* MeViewController.swift */ = {isa = PBXFileReference; lastKnownFileType = sourcecode.swift; path = MeViewController.swift; sourceTree = "<group>"; };
		5E7618122828B3C500BD5E69 /* LiveViewController.swift */ = {isa = PBXFileReference; lastKnownFileType = sourcecode.swift; path = LiveViewController.swift; sourceTree = "<group>"; };
		5E7618142828B3FD00BD5E69 /* BaseTabBarController.swift */ = {isa = PBXFileReference; lastKnownFileType = sourcecode.swift; path = BaseTabBarController.swift; sourceTree = "<group>"; };
		5E7618162828B41400BD5E69 /* BaseTabBar.swift */ = {isa = PBXFileReference; lastKnownFileType = sourcecode.swift; path = BaseTabBar.swift; sourceTree = "<group>"; };
		5E7618182828B45600BD5E69 /* API.swift */ = {isa = PBXFileReference; lastKnownFileType = sourcecode.swift; path = API.swift; sourceTree = "<group>"; };
		5E76181A2828B47800BD5E69 /* BMSwiftTools-Bridging-Header.h */ = {isa = PBXFileReference; lastKnownFileType = sourcecode.c.h; path = "BMSwiftTools-Bridging-Header.h"; sourceTree = "<group>"; };
		5E7618222828B7B100BD5E69 /* ExampleModel.swift */ = {isa = PBXFileReference; lastKnownFileType = sourcecode.swift; path = ExampleModel.swift; sourceTree = "<group>"; };
		5E7618252828D9CC00BD5E69 /* Date+Extensions.swift */ = {isa = PBXFileReference; fileEncoding = 4; lastKnownFileType = sourcecode.swift; path = "Date+Extensions.swift"; sourceTree = "<group>"; };
		5E7A0010280578B50090A07A /* CodeBlockExample.swift */ = {isa = PBXFileReference; fileEncoding = 4; lastKnownFileType = sourcecode.swift; path = CodeBlockExample.swift; sourceTree = "<group>"; };
		5E7A0012280578B50090A07A /* main.json */ = {isa = PBXFileReference; fileEncoding = 4; lastKnownFileType = text.json; path = main.json; sourceTree = "<group>"; };
		5E7AFFD7280571A50090A07A /* BMSwiftTools.app */ = {isa = PBXFileReference; explicitFileType = wrapper.application; includeInIndex = 0; path = BMSwiftTools.app; sourceTree = BUILT_PRODUCTS_DIR; };
		5E7AFFDA280571A50090A07A /* AppDelegate.swift */ = {isa = PBXFileReference; lastKnownFileType = sourcecode.swift; path = AppDelegate.swift; sourceTree = "<group>"; };
		5E7AFFDC280571A50090A07A /* SceneDelegate.swift */ = {isa = PBXFileReference; lastKnownFileType = sourcecode.swift; path = SceneDelegate.swift; sourceTree = "<group>"; };
		5E7AFFDE280571A50090A07A /* ViewController.swift */ = {isa = PBXFileReference; lastKnownFileType = sourcecode.swift; path = ViewController.swift; sourceTree = "<group>"; };
		5E7AFFE1280571A50090A07A /* Base */ = {isa = PBXFileReference; lastKnownFileType = file.storyboard; name = Base; path = Base.lproj/Main.storyboard; sourceTree = "<group>"; };
		5E7AFFE3280571A70090A07A /* Assets.xcassets */ = {isa = PBXFileReference; lastKnownFileType = folder.assetcatalog; path = Assets.xcassets; sourceTree = "<group>"; };
		5E7AFFE6280571A70090A07A /* Base */ = {isa = PBXFileReference; lastKnownFileType = file.storyboard; name = Base; path = Base.lproj/LaunchScreen.storyboard; sourceTree = "<group>"; };
		5E7AFFE8280571A70090A07A /* Info.plist */ = {isa = PBXFileReference; lastKnownFileType = text.plist.xml; path = Info.plist; sourceTree = "<group>"; };
		5E7AFFED280571A70090A07A /* BMSwiftToolsTests.xctest */ = {isa = PBXFileReference; explicitFileType = wrapper.cfbundle; includeInIndex = 0; path = BMSwiftToolsTests.xctest; sourceTree = BUILT_PRODUCTS_DIR; };
		5E7AFFF1280571A70090A07A /* BMSwiftToolsTests.swift */ = {isa = PBXFileReference; lastKnownFileType = sourcecode.swift; path = BMSwiftToolsTests.swift; sourceTree = "<group>"; };
		5E7AFFF7280571A70090A07A /* BMSwiftToolsUITests.xctest */ = {isa = PBXFileReference; explicitFileType = wrapper.cfbundle; includeInIndex = 0; path = BMSwiftToolsUITests.xctest; sourceTree = BUILT_PRODUCTS_DIR; };
		5E7AFFFB280571A70090A07A /* BMSwiftToolsUITests.swift */ = {isa = PBXFileReference; lastKnownFileType = sourcecode.swift; path = BMSwiftToolsUITests.swift; sourceTree = "<group>"; };
		5E7AFFFD280571A70090A07A /* BMSwiftToolsUITestsLaunchTests.swift */ = {isa = PBXFileReference; lastKnownFileType = sourcecode.swift; path = BMSwiftToolsUITestsLaunchTests.swift; sourceTree = "<group>"; };
		5E9383B6283B9EBF00C5D383 /* Models.swift */ = {isa = PBXFileReference; lastKnownFileType = sourcecode.swift; path = Models.swift; sourceTree = "<group>"; };
		5E9383BB283BA03C00C5D383 /* Protocols.swift */ = {isa = PBXFileReference; fileEncoding = 4; lastKnownFileType = sourcecode.swift; path = Protocols.swift; sourceTree = "<group>"; };
		5E9383BD283C765800C5D383 /* TaskHeaderView.swift */ = {isa = PBXFileReference; lastKnownFileType = sourcecode.swift; path = TaskHeaderView.swift; sourceTree = "<group>"; };
		5E9383BF283C81FC00C5D383 /* TaskLevelCollectionView.swift */ = {isa = PBXFileReference; lastKnownFileType = sourcecode.swift; path = TaskLevelCollectionView.swift; sourceTree = "<group>"; };
		5E9383C1283C829100C5D383 /* TaskCollectionViewCell.swift */ = {isa = PBXFileReference; lastKnownFileType = sourcecode.swift; path = TaskCollectionViewCell.swift; sourceTree = "<group>"; };
		5E9383C3283C87EA00C5D383 /* TaskTableViewCell.swift */ = {isa = PBXFileReference; lastKnownFileType = sourcecode.swift; path = TaskTableViewCell.swift; sourceTree = "<group>"; };
		5EA008C7281A735F008E1406 /* StringManager.swift */ = {isa = PBXFileReference; lastKnownFileType = sourcecode.swift; path = StringManager.swift; sourceTree = "<group>"; };
		5EA3F53D28F101FC007AAB60 /* BreatheImageView.swift */ = {isa = PBXFileReference; fileEncoding = 4; lastKnownFileType = sourcecode.swift; path = BreatheImageView.swift; sourceTree = "<group>"; };
		5EA3F53F28F101FC007AAB60 /* UIEdgeInsets+Ext.swift */ = {isa = PBXFileReference; fileEncoding = 4; lastKnownFileType = sourcecode.swift; path = "UIEdgeInsets+Ext.swift"; sourceTree = "<group>"; };
		5EA3F54028F101FC007AAB60 /* Array+Ext.swift */ = {isa = PBXFileReference; fileEncoding = 4; lastKnownFileType = sourcecode.swift; path = "Array+Ext.swift"; sourceTree = "<group>"; };
		5EA3F54828F103BD007AAB60 /* RectRadarAnimationView.swift */ = {isa = PBXFileReference; fileEncoding = 4; lastKnownFileType = sourcecode.swift; path = RectRadarAnimationView.swift; sourceTree = "<group>"; };
		5EA3F54928F103BD007AAB60 /* RadarDiffusionAnimationontroller.swift */ = {isa = PBXFileReference; fileEncoding = 4; lastKnownFileType = sourcecode.swift; path = RadarDiffusionAnimationontroller.swift; sourceTree = "<group>"; };
		5EAD48812805BB13005371AA /* BMConstraintsController.swift */ = {isa = PBXFileReference; lastKnownFileType = sourcecode.swift; path = BMConstraintsController.swift; sourceTree = "<group>"; };
		5EC725CF28EBFD58007D4703 /* FloatButton.swift */ = {isa = PBXFileReference; fileEncoding = 4; lastKnownFileType = sourcecode.swift; path = FloatButton.swift; sourceTree = "<group>"; };
		5EC725D128EC0427007D4703 /* BMBubbleView.swift */ = {isa = PBXFileReference; fileEncoding = 4; lastKnownFileType = sourcecode.swift; path = BMBubbleView.swift; sourceTree = "<group>"; };
		5EC725D828EC2285007D4703 /* BMDragView.swift */ = {isa = PBXFileReference; fileEncoding = 4; lastKnownFileType = sourcecode.swift; path = BMDragView.swift; sourceTree = "<group>"; };
		5EFA4DA428E2BE5500ABEFC9 /* iPhoneSafeSize.swift */ = {isa = PBXFileReference; lastKnownFileType = sourcecode.swift; path = iPhoneSafeSize.swift; sourceTree = "<group>"; };
		5EFD9E02280814960026F04F /* UIImage+HXTools.swift */ = {isa = PBXFileReference; fileEncoding = 4; lastKnownFileType = sourcecode.swift; path = "UIImage+HXTools.swift"; sourceTree = "<group>"; };
		5EFD9E03280814960026F04F /* UIColor+HXTools.swift */ = {isa = PBXFileReference; fileEncoding = 4; lastKnownFileType = sourcecode.swift; path = "UIColor+HXTools.swift"; sourceTree = "<group>"; };
		5EFD9E04280814960026F04F /* UIView+HXTools.swift */ = {isa = PBXFileReference; fileEncoding = 4; lastKnownFileType = sourcecode.swift; path = "UIView+HXTools.swift"; sourceTree = "<group>"; };
		5EFD9E06280814960026F04F /* String+HXTools.swift */ = {isa = PBXFileReference; fileEncoding = 4; lastKnownFileType = sourcecode.swift; path = "String+HXTools.swift"; sourceTree = "<group>"; };
		5EFD9E07280814960026F04F /* Array+HXTools.swift */ = {isa = PBXFileReference; fileEncoding = 4; lastKnownFileType = sourcecode.swift; path = "Array+HXTools.swift"; sourceTree = "<group>"; };
		5EFD9E08280814960026F04F /* DispathQueue+HXTools.swift */ = {isa = PBXFileReference; fileEncoding = 4; lastKnownFileType = sourcecode.swift; path = "DispathQueue+HXTools.swift"; sourceTree = "<group>"; };
		5EFD9E09280814960026F04F /* Dictionary+HXTools.swift */ = {isa = PBXFileReference; fileEncoding = 4; lastKnownFileType = sourcecode.swift; path = "Dictionary+HXTools.swift"; sourceTree = "<group>"; };
		5EFD9E0A280814960026F04F /* Date+HXTools.swift */ = {isa = PBXFileReference; fileEncoding = 4; lastKnownFileType = sourcecode.swift; path = "Date+HXTools.swift"; sourceTree = "<group>"; };
		5EFD9E0C280814960026F04F /* HXAlertTool.swift */ = {isa = PBXFileReference; fileEncoding = 4; lastKnownFileType = sourcecode.swift; path = HXAlertTool.swift; sourceTree = "<group>"; };
		5EFD9E0D280814960026F04F /* HXReuseable.swift */ = {isa = PBXFileReference; fileEncoding = 4; lastKnownFileType = sourcecode.swift; path = HXReuseable.swift; sourceTree = "<group>"; };
		5EFD9E0F280814960026F04F /* HXGlobalTool.swift */ = {isa = PBXFileReference; fileEncoding = 4; lastKnownFileType = sourcecode.swift; path = HXGlobalTool.swift; sourceTree = "<group>"; };
		5EFD9E10280814960026F04F /* HXGlobalFuncs.swift */ = {isa = PBXFileReference; fileEncoding = 4; lastKnownFileType = sourcecode.swift; path = HXGlobalFuncs.swift; sourceTree = "<group>"; };
		5EFD9E20280816B60026F04F /* Images.xcassets */ = {isa = PBXFileReference; lastKnownFileType = folder.assetcatalog; path = Images.xcassets; sourceTree = "<group>"; };
		5EFD9E232808170B0026F04F /* Version.swift */ = {isa = PBXFileReference; fileEncoding = 4; lastKnownFileType = sourcecode.swift; path = Version.swift; sourceTree = "<group>"; };
		5EFD9E25280817100026F04F /* Define.swift */ = {isa = PBXFileReference; fileEncoding = 4; lastKnownFileType = sourcecode.swift; path = Define.swift; sourceTree = "<group>"; };
		5EFD9E272808171C0026F04F /* UserDefault.swift */ = {isa = PBXFileReference; fileEncoding = 4; lastKnownFileType = sourcecode.swift; path = UserDefault.swift; sourceTree = "<group>"; };
		5EFD9E29280817300026F04F /* Device.swift */ = {isa = PBXFileReference; fileEncoding = 4; lastKnownFileType = sourcecode.swift; path = Device.swift; sourceTree = "<group>"; };
		6A5B768878F007CE48FB531D /* Pods-BMSwiftTools.debug.xcconfig */ = {isa = PBXFileReference; includeInIndex = 1; lastKnownFileType = text.xcconfig; name = "Pods-BMSwiftTools.debug.xcconfig"; path = "Target Support Files/Pods-BMSwiftTools/Pods-BMSwiftTools.debug.xcconfig"; sourceTree = "<group>"; };
/* End PBXFileReference section */

/* Begin PBXFrameworksBuildPhase section */
		5E7AFFD4280571A50090A07A /* Frameworks */ = {
			isa = PBXFrameworksBuildPhase;
			buildActionMask = 2147483647;
			files = (
				8AE5FB9CCF62CFB21447E852 /* Pods_BMSwiftTools.framework in Frameworks */,
			);
			runOnlyForDeploymentPostprocessing = 0;
		};
		5E7AFFEA280571A70090A07A /* Frameworks */ = {
			isa = PBXFrameworksBuildPhase;
			buildActionMask = 2147483647;
			files = (
			);
			runOnlyForDeploymentPostprocessing = 0;
		};
		5E7AFFF4280571A70090A07A /* Frameworks */ = {
			isa = PBXFrameworksBuildPhase;
			buildActionMask = 2147483647;
			files = (
			);
			runOnlyForDeploymentPostprocessing = 0;
		};
/* End PBXFrameworksBuildPhase section */

/* Begin PBXGroup section */
		34A2A7139281C7133C034028 /* Pods */ = {
			isa = PBXGroup;
			children = (
				6A5B768878F007CE48FB531D /* Pods-BMSwiftTools.debug.xcconfig */,
				2335B99EE16333F56BEF1CCF /* Pods-BMSwiftTools.release.xcconfig */,
			);
			path = Pods;
			sourceTree = "<group>";
		};
		5E101F802849CCF30014EE61 /* Sources */ = {
			isa = PBXGroup;
			children = (
				5E101F812849CCF30014EE61 /* Localizable.strings */,
				5E101F832849CCF30014EE61 /* ESTabBarItemMoreContentView.swift */,
				5E101F842849CCF30014EE61 /* ESTabBarController.swift */,
				5E101F852849CCF30014EE61 /* ESTabBarItemContentView.swift */,
				5E101F862849CCF30014EE61 /* ESTabBarItem.swift */,
				5E101F872849CCF30014EE61 /* ESTabBarItemBadgeView.swift */,
				5E101F882849CCF30014EE61 /* ESTabBar.swift */,
				5E101F892849CCF30014EE61 /* ESTabBarItemContainer.swift */,
			);
			path = Sources;
			sourceTree = "<group>";
		};
		5E13967A28F15BE500A5FFBE /* Global */ = {
			isa = PBXGroup;
			children = (
				5EFD9E29280817300026F04F /* Device.swift */,
				5EFD9E272808171C0026F04F /* UserDefault.swift */,
				5EFD9E25280817100026F04F /* Define.swift */,
				5EFD9E232808170B0026F04F /* Version.swift */,
				5E13967C28F15BFE00A5FFBE /* CommonConstant.swift */,
				5E13967B28F15BFD00A5FFBE /* CommonEnum.swift */,
			);
			path = Global;
			sourceTree = "<group>";
		};
		5E13968728F16B3F00A5FFBE /* Color */ = {
			isa = PBXGroup;
			children = (
				5E13968828F16B3F00A5FFBE /* UIGradientExtension.swift */,
				5E13968928F16B3F00A5FFBE /* UIGradientHelper.swift */,
				5E13968A28F16B3F00A5FFBE /* GradientLayer.swift */,
			);
			path = Color;
			sourceTree = "<group>";
		};
		5E274608282A0D9000C2D686 /* SwiftRegex5 */ = {
			isa = PBXGroup;
			children = (
				5E274609282A0D9000C2D686 /* TupleRegex.swift */,
			);
			path = SwiftRegex5;
			sourceTree = "<group>";
		};
		5E27460F282A2E5C00C2D686 /* BMTextInput */ = {
			isa = PBXGroup;
			children = (
				5E274610282A2E5C00C2D686 /* BMTextField.swift */,
				5E274611282A2E5C00C2D686 /* BMTextInput+Extension.swift */,
				5E274612282A2E5C00C2D686 /* BMTextView.swift */,
				5E274616282A2F7E00C2D686 /* BMTestTextInputController.swift */,
				5E274625282A385E00C2D686 /* OCBMTextField.h */,
				5E274626282A385E00C2D686 /* OCBMTextField.m */,
			);
			path = BMTextInput;
			sourceTree = "<group>";
		};
		5E27470E282CABCD00C2D686 /* LiveGiftInputNum */ = {
			isa = PBXGroup;
			children = (
				5E274721282CDC0C00C2D686 /* WZZKeyboardManager */,
				5E9383B5283B9E4900C5D383 /* TaskCenter */,
				5E274666282A88D900C2D686 /* GiftSendBtnView.swift */,
				5E274707282BAFAA00C2D686 /* GiftNumInputView.swift */,
				5E274705282B9B1A00C2D686 /* GiftPopMenu.swift */,
				5E27470A282BD68B00C2D686 /* JGGKeyboardView.swift */,
				5E27470C282BD7AC00C2D686 /* KeyBoardCell.swift */,
			);
			path = LiveGiftInputNum;
			sourceTree = "<group>";
		};
		5E274721282CDC0C00C2D686 /* WZZKeyboardManager */ = {
			isa = PBXGroup;
			children = (
				5E274722282CDC0C00C2D686 /* WZZKeyboardManager.h */,
				5E274723282CDC0C00C2D686 /* WZZKeyboardManager.m */,
			);
			path = WZZKeyboardManager;
			sourceTree = "<group>";
		};
		5E76180D2828B36C00BD5E69 /* Main */ = {
			isa = PBXGroup;
			children = (
				5EA3F53C28F101FC007AAB60 /* 雷达扩散动画 */,
				5EC725D328EC1CF5007D4703 /* 悬浮按钮 */,
				5E76181F2828B78900BD5E69 /* Model */,
				5E76181E2828B6EE00BD5E69 /* Base */,
				5E76180E2828B3A200BD5E69 /* HomeViewController.swift */,
				5E101F922849CD720014EE61 /* ExampleViewController.swift */,
				5E7618122828B3C500BD5E69 /* LiveViewController.swift */,
				5E7618102828B3B400BD5E69 /* MeViewController.swift */,
				5E7618182828B45600BD5E69 /* API.swift */,
				5E274700282B560200C2D686 /* BMButton.swift */,
				5E13968528F1680D00A5FFBE /* ButtonWithImageAndTitleExtension.swift */,
				5E27470E282CABCD00C2D686 /* LiveGiftInputNum */,
				5E76181A2828B47800BD5E69 /* BMSwiftTools-Bridging-Header.h */,
			);
			path = Main;
			sourceTree = "<group>";
		};
		5E76181E2828B6EE00BD5E69 /* Base */ = {
			isa = PBXGroup;
			children = (
				5E101F802849CCF30014EE61 /* Sources */,
				5E101F7E2849CBCE0014EE61 /* ExampleProvider.swift */,
				5E101F7C2849CBC40014EE61 /* ExampleNavigationController.swift */,
				5E101F962849CE4A0014EE61 /* ExampleBasicContentView.swift */,
				5E101F942849CE080014EE61 /* ExampleBouncesContentView.swift */,
				5E7618142828B3FD00BD5E69 /* BaseTabBarController.swift */,
				5E7618162828B41400BD5E69 /* BaseTabBar.swift */,
			);
			path = Base;
			sourceTree = "<group>";
		};
		5E76181F2828B78900BD5E69 /* Model */ = {
			isa = PBXGroup;
			children = (
				5E7618222828B7B100BD5E69 /* ExampleModel.swift */,
			);
			path = Model;
			sourceTree = "<group>";
		};
		5E7618242828D9BF00BD5E69 /* Extensions */ = {
			isa = PBXGroup;
			children = (
				5E13968728F16B3F00A5FFBE /* Color */,
				5EFD9E01280814960026F04F /* UIKit */,
				5EFD9E05280814960026F04F /* Foundation */,
			);
			path = Extensions;
			sourceTree = "<group>";
		};
		5E7A000F280578B50090A07A /* CodeSnippet(代码块) */ = {
			isa = PBXGroup;
			children = (
				5E7A0010280578B50090A07A /* CodeBlockExample.swift */,
			);
			path = "CodeSnippet(代码块)";
			sourceTree = "<group>";
		};
		5E7AFFCE280571A50090A07A = {
			isa = PBXGroup;
			children = (
				5E7AFFD9280571A50090A07A /* BMSwiftTools */,
				5E7AFFF0280571A70090A07A /* BMSwiftToolsTests */,
				5E7AFFFA280571A70090A07A /* BMSwiftToolsUITests */,
				5E7AFFD8280571A50090A07A /* Products */,
				34A2A7139281C7133C034028 /* Pods */,
				F9E682CAA375C7BDE4052DE9 /* Frameworks */,
			);
			sourceTree = "<group>";
		};
		5E7AFFD8280571A50090A07A /* Products */ = {
			isa = PBXGroup;
			children = (
				5E7AFFD7280571A50090A07A /* BMSwiftTools.app */,
				5E7AFFED280571A70090A07A /* BMSwiftToolsTests.xctest */,
				5E7AFFF7280571A70090A07A /* BMSwiftToolsUITests.xctest */,
			);
			name = Products;
			sourceTree = "<group>";
		};
		5E7AFFD9280571A50090A07A /* BMSwiftTools */ = {
			isa = PBXGroup;
			children = (
				5EFD9DFE280814870026F04F /* Expand */,
				5E76180D2828B36C00BD5E69 /* Main */,
				5E7A000F280578B50090A07A /* CodeSnippet(代码块) */,
				5EFD9E1F280816B60026F04F /* Resources */,
				5E7AFFDA280571A50090A07A /* AppDelegate.swift */,
				5E7AFFDC280571A50090A07A /* SceneDelegate.swift */,
				5E7AFFDE280571A50090A07A /* ViewController.swift */,
				5EAD48812805BB13005371AA /* BMConstraintsController.swift */,
			);
			path = BMSwiftTools;
			sourceTree = "<group>";
		};
		5E7AFFF0280571A70090A07A /* BMSwiftToolsTests */ = {
			isa = PBXGroup;
			children = (
				5E7AFFF1280571A70090A07A /* BMSwiftToolsTests.swift */,
			);
			path = BMSwiftToolsTests;
			sourceTree = "<group>";
		};
		5E7AFFFA280571A70090A07A /* BMSwiftToolsUITests */ = {
			isa = PBXGroup;
			children = (
				5E7AFFFB280571A70090A07A /* BMSwiftToolsUITests.swift */,
				5E7AFFFD280571A70090A07A /* BMSwiftToolsUITestsLaunchTests.swift */,
			);
			path = BMSwiftToolsUITests;
			sourceTree = "<group>";
		};
		5E9383B5283B9E4900C5D383 /* TaskCenter */ = {
			isa = PBXGroup;
			children = (
				5E274628282A6F5E00C2D686 /* DemoViewController.swift */,
				5E9383C3283C87EA00C5D383 /* TaskTableViewCell.swift */,
				5E9383B6283B9EBF00C5D383 /* Models.swift */,
				5E9383BD283C765800C5D383 /* TaskHeaderView.swift */,
				5E9383BF283C81FC00C5D383 /* TaskLevelCollectionView.swift */,
				5E9383C1283C829100C5D383 /* TaskCollectionViewCell.swift */,
			);
			path = TaskCenter;
			sourceTree = "<group>";
		};
		5E9383BA283BA02200C5D383 /* Common */ = {
			isa = PBXGroup;
			children = (
				5E9383BB283BA03C00C5D383 /* Protocols.swift */,
				5EFA4DA428E2BE5500ABEFC9 /* iPhoneSafeSize.swift */,
			);
			path = Common;
			sourceTree = "<group>";
		};
		5EA008C6281A72C5008E1406 /* 字符串操作 */ = {
			isa = PBXGroup;
			children = (
				5E274608282A0D9000C2D686 /* SwiftRegex5 */,
				5EA008C7281A735F008E1406 /* StringManager.swift */,
			);
			path = "字符串操作";
			sourceTree = "<group>";
		};
		5EA3F53C28F101FC007AAB60 /* 雷达扩散动画 */ = {
			isa = PBXGroup;
			children = (
				5EA3F54928F103BD007AAB60 /* RadarDiffusionAnimationontroller.swift */,
				5EA3F54828F103BD007AAB60 /* RectRadarAnimationView.swift */,
				5EA3F53D28F101FC007AAB60 /* BreatheImageView.swift */,
				5EA3F53E28F101FC007AAB60 /* Extensions */,
			);
			path = "雷达扩散动画";
			sourceTree = "<group>";
		};
		5EA3F53E28F101FC007AAB60 /* Extensions */ = {
			isa = PBXGroup;
			children = (
				5EA3F53F28F101FC007AAB60 /* UIEdgeInsets+Ext.swift */,
				5EA3F54028F101FC007AAB60 /* Array+Ext.swift */,
			);
			path = Extensions;
			sourceTree = "<group>";
		};
		5EC725D328EC1CF5007D4703 /* 悬浮按钮 */ = {
			isa = PBXGroup;
			children = (
				5EC725D828EC2285007D4703 /* BMDragView.swift */,
				5EC725CF28EBFD58007D4703 /* FloatButton.swift */,
				5EC725D128EC0427007D4703 /* BMBubbleView.swift */,
			);
			path = "悬浮按钮";
			sourceTree = "<group>";
		};
		5EFD9DFE280814870026F04F /* Expand */ = {
			isa = PBXGroup;
			children = (
				5E13967A28F15BE500A5FFBE /* Global */,
				5E9383BA283BA02200C5D383 /* Common */,
				5E27460F282A2E5C00C2D686 /* BMTextInput */,
				5EFD9DFF280814960026F04F /* Tools */,
				5E7618242828D9BF00BD5E69 /* Extensions */,
				5EA008C6281A72C5008E1406 /* 字符串操作 */,
			);
			path = Expand;
			sourceTree = "<group>";
		};
		5EFD9DFF280814960026F04F /* Tools */ = {
			isa = PBXGroup;
			children = (
				5EFD9E0F280814960026F04F /* HXGlobalTool.swift */,
				5EFD9E10280814960026F04F /* HXGlobalFuncs.swift */,
				5E48B6C528DC441A0044B196 /* MD5.swift */,
				5EFD9E0B280814960026F04F /* Custom */,
			);
			path = Tools;
			sourceTree = "<group>";
		};
		5EFD9E01280814960026F04F /* UIKit */ = {
			isa = PBXGroup;
			children = (
				5E2746FE282A94C000C2D686 /* UIColor+Extension.swift */,
				5EFD9E02280814960026F04F /* UIImage+HXTools.swift */,
				5EFD9E03280814960026F04F /* UIColor+HXTools.swift */,
				5EFD9E04280814960026F04F /* UIView+HXTools.swift */,
			);
			path = UIKit;
			sourceTree = "<group>";
		};
		5EFD9E05280814960026F04F /* Foundation */ = {
			isa = PBXGroup;
			children = (
				5E13968128F1647100A5FFBE /* UIFont+Extension.swift */,
				5E13967F28F1645300A5FFBE /* String+Size.swift */,
				5E7618252828D9CC00BD5E69 /* Date+Extensions.swift */,
				5EFD9E06280814960026F04F /* String+HXTools.swift */,
				5EFD9E07280814960026F04F /* Array+HXTools.swift */,
				5EFD9E08280814960026F04F /* DispathQueue+HXTools.swift */,
				5EFD9E09280814960026F04F /* Dictionary+HXTools.swift */,
				5EFD9E0A280814960026F04F /* Date+HXTools.swift */,
			);
			path = Foundation;
			sourceTree = "<group>";
		};
		5EFD9E0B280814960026F04F /* Custom */ = {
			isa = PBXGroup;
			children = (
				5EFD9E0C280814960026F04F /* HXAlertTool.swift */,
				5EFD9E0D280814960026F04F /* HXReuseable.swift */,
			);
			path = Custom;
			sourceTree = "<group>";
		};
		5EFD9E1F280816B60026F04F /* Resources */ = {
			isa = PBXGroup;
			children = (
				5E7AFFE0280571A50090A07A /* Main.storyboard */,
				5E7AFFE3280571A70090A07A /* Assets.xcassets */,
				5E7AFFE5280571A70090A07A /* LaunchScreen.storyboard */,
				5E7AFFE8280571A70090A07A /* Info.plist */,
				5E7A0012280578B50090A07A /* main.json */,
				5EFD9E20280816B60026F04F /* Images.xcassets */,
			);
			path = Resources;
			sourceTree = "<group>";
		};
		F9E682CAA375C7BDE4052DE9 /* Frameworks */ = {
			isa = PBXGroup;
			children = (
				4A9D4E2122FE768BA2778CBE /* Pods_BMSwiftTools.framework */,
			);
			name = Frameworks;
			sourceTree = "<group>";
		};
/* End PBXGroup section */

/* Begin PBXNativeTarget section */
		5E7AFFD6280571A50090A07A /* BMSwiftTools */ = {
			isa = PBXNativeTarget;
			buildConfigurationList = 5E7A0001280571A70090A07A /* Build configuration list for PBXNativeTarget "BMSwiftTools" */;
			buildPhases = (
				9F8FD96E55CDBC0CED25928D /* [CP] Check Pods Manifest.lock */,
				5E7AFFD3280571A50090A07A /* Sources */,
				5E7AFFD4280571A50090A07A /* Frameworks */,
				5E7AFFD5280571A50090A07A /* Resources */,
				6DF38BC311DC8DF9B1F9F275 /* [CP] Embed Pods Frameworks */,
			);
			buildRules = (
			);
			dependencies = (
			);
			name = BMSwiftTools;
			productName = BMSwiftTools;
			productReference = 5E7AFFD7280571A50090A07A /* BMSwiftTools.app */;
			productType = "com.apple.product-type.application";
		};
		5E7AFFEC280571A70090A07A /* BMSwiftToolsTests */ = {
			isa = PBXNativeTarget;
			buildConfigurationList = 5E7A0004280571A70090A07A /* Build configuration list for PBXNativeTarget "BMSwiftToolsTests" */;
			buildPhases = (
				5E7AFFE9280571A70090A07A /* Sources */,
				5E7AFFEA280571A70090A07A /* Frameworks */,
				5E7AFFEB280571A70090A07A /* Resources */,
			);
			buildRules = (
			);
			dependencies = (
				5E7AFFEF280571A70090A07A /* PBXTargetDependency */,
			);
			name = BMSwiftToolsTests;
			productName = BMSwiftToolsTests;
			productReference = 5E7AFFED280571A70090A07A /* BMSwiftToolsTests.xctest */;
			productType = "com.apple.product-type.bundle.unit-test";
		};
		5E7AFFF6280571A70090A07A /* BMSwiftToolsUITests */ = {
			isa = PBXNativeTarget;
			buildConfigurationList = 5E7A0007280571A70090A07A /* Build configuration list for PBXNativeTarget "BMSwiftToolsUITests" */;
			buildPhases = (
				5E7AFFF3280571A70090A07A /* Sources */,
				5E7AFFF4280571A70090A07A /* Frameworks */,
				5E7AFFF5280571A70090A07A /* Resources */,
			);
			buildRules = (
			);
			dependencies = (
				5E7AFFF9280571A70090A07A /* PBXTargetDependency */,
			);
			name = BMSwiftToolsUITests;
			productName = BMSwiftToolsUITests;
			productReference = 5E7AFFF7280571A70090A07A /* BMSwiftToolsUITests.xctest */;
			productType = "com.apple.product-type.bundle.ui-testing";
		};
/* End PBXNativeTarget section */

/* Begin PBXProject section */
		5E7AFFCF280571A50090A07A /* Project object */ = {
			isa = PBXProject;
			attributes = {
				BuildIndependentTargetsInParallel = 1;
				LastSwiftUpdateCheck = 1330;
				LastUpgradeCheck = 1330;
				TargetAttributes = {
					5E7AFFD6280571A50090A07A = {
						CreatedOnToolsVersion = 13.3;
						LastSwiftMigration = 1330;
					};
					5E7AFFEC280571A70090A07A = {
						CreatedOnToolsVersion = 13.3;
						TestTargetID = 5E7AFFD6280571A50090A07A;
					};
					5E7AFFF6280571A70090A07A = {
						CreatedOnToolsVersion = 13.3;
						TestTargetID = 5E7AFFD6280571A50090A07A;
					};
				};
			};
			buildConfigurationList = 5E7AFFD2280571A50090A07A /* Build configuration list for PBXProject "BMSwiftTools" */;
			compatibilityVersion = "Xcode 13.0";
			developmentRegion = en;
			hasScannedForEncodings = 0;
			knownRegions = (
				en,
				Base,
			);
			mainGroup = 5E7AFFCE280571A50090A07A;
			productRefGroup = 5E7AFFD8280571A50090A07A /* Products */;
			projectDirPath = "";
			projectRoot = "";
			targets = (
				5E7AFFD6280571A50090A07A /* BMSwiftTools */,
				5E7AFFEC280571A70090A07A /* BMSwiftToolsTests */,
				5E7AFFF6280571A70090A07A /* BMSwiftToolsUITests */,
			);
		};
/* End PBXProject section */

/* Begin PBXResourcesBuildPhase section */
		5E7AFFD5280571A50090A07A /* Resources */ = {
			isa = PBXResourcesBuildPhase;
			buildActionMask = 2147483647;
			files = (
				5E7AFFE7280571A70090A07A /* LaunchScreen.storyboard in Resources */,
				5EFD9E21280816B60026F04F /* Images.xcassets in Resources */,
				5E101F8A2849CCF30014EE61 /* Localizable.strings in Resources */,
				5E7AFFE4280571A70090A07A /* Assets.xcassets in Resources */,
				5E7A0014280578B50090A07A /* main.json in Resources */,
				5E7AFFE2280571A50090A07A /* Main.storyboard in Resources */,
			);
			runOnlyForDeploymentPostprocessing = 0;
		};
		5E7AFFEB280571A70090A07A /* Resources */ = {
			isa = PBXResourcesBuildPhase;
			buildActionMask = 2147483647;
			files = (
			);
			runOnlyForDeploymentPostprocessing = 0;
		};
		5E7AFFF5280571A70090A07A /* Resources */ = {
			isa = PBXResourcesBuildPhase;
			buildActionMask = 2147483647;
			files = (
			);
			runOnlyForDeploymentPostprocessing = 0;
		};
/* End PBXResourcesBuildPhase section */

/* Begin PBXShellScriptBuildPhase section */
		6DF38BC311DC8DF9B1F9F275 /* [CP] Embed Pods Frameworks */ = {
			isa = PBXShellScriptBuildPhase;
			buildActionMask = 2147483647;
			files = (
			);
			inputFileListPaths = (
				"${PODS_ROOT}/Target Support Files/Pods-BMSwiftTools/Pods-BMSwiftTools-frameworks-${CONFIGURATION}-input-files.xcfilelist",
			);
			name = "[CP] Embed Pods Frameworks";
			outputFileListPaths = (
				"${PODS_ROOT}/Target Support Files/Pods-BMSwiftTools/Pods-BMSwiftTools-frameworks-${CONFIGURATION}-output-files.xcfilelist",
			);
			runOnlyForDeploymentPostprocessing = 0;
			shellPath = /bin/sh;
			shellScript = "\"${PODS_ROOT}/Target Support Files/Pods-BMSwiftTools/Pods-BMSwiftTools-frameworks.sh\"\n";
			showEnvVarsInLog = 0;
		};
		9F8FD96E55CDBC0CED25928D /* [CP] Check Pods Manifest.lock */ = {
			isa = PBXShellScriptBuildPhase;
			buildActionMask = 2147483647;
			files = (
			);
			inputFileListPaths = (
			);
			inputPaths = (
				"${PODS_PODFILE_DIR_PATH}/Podfile.lock",
				"${PODS_ROOT}/Manifest.lock",
			);
			name = "[CP] Check Pods Manifest.lock";
			outputFileListPaths = (
			);
			outputPaths = (
				"$(DERIVED_FILE_DIR)/Pods-BMSwiftTools-checkManifestLockResult.txt",
			);
			runOnlyForDeploymentPostprocessing = 0;
			shellPath = /bin/sh;
			shellScript = "diff \"${PODS_PODFILE_DIR_PATH}/Podfile.lock\" \"${PODS_ROOT}/Manifest.lock\" > /dev/null\nif [ $? != 0 ] ; then\n    # print error to STDERR\n    echo \"error: The sandbox is not in sync with the Podfile.lock. Run 'pod install' or update your CocoaPods installation.\" >&2\n    exit 1\nfi\n# This output is used by Xcode 'outputs' to avoid re-running this script phase.\necho \"SUCCESS\" > \"${SCRIPT_OUTPUT_FILE_0}\"\n";
			showEnvVarsInLog = 0;
		};
/* End PBXShellScriptBuildPhase section */

/* Begin PBXSourcesBuildPhase section */
		5E7AFFD3280571A50090A07A /* Sources */ = {
			isa = PBXSourcesBuildPhase;
			buildActionMask = 2147483647;
			files = (
				5E101F7D2849CBC40014EE61 /* ExampleNavigationController.swift in Sources */,
				5EFD9E16280814960026F04F /* Array+HXTools.swift in Sources */,
				5E101F8F2849CCF30014EE61 /* ESTabBarItemBadgeView.swift in Sources */,
				5E7AFFDF280571A50090A07A /* ViewController.swift in Sources */,
				5E7618172828B41400BD5E69 /* BaseTabBar.swift in Sources */,
				5E274629282A6F5E00C2D686 /* DemoViewController.swift in Sources */,
				5EFD9E13280814960026F04F /* UIColor+HXTools.swift in Sources */,
				5EFD9E1C280814960026F04F /* HXGlobalTool.swift in Sources */,
				5E274615282A2E5C00C2D686 /* BMTextView.swift in Sources */,
				5EFD9E18280814960026F04F /* Dictionary+HXTools.swift in Sources */,
				5E274701282B560300C2D686 /* BMButton.swift in Sources */,
				5EC725D028EBFD58007D4703 /* FloatButton.swift in Sources */,
				5E7618192828B45600BD5E69 /* API.swift in Sources */,
				5E9383B7283B9EBF00C5D383 /* Models.swift in Sources */,
				5E13968C28F16B4000A5FFBE /* UIGradientHelper.swift in Sources */,
				5EFD9E15280814960026F04F /* String+HXTools.swift in Sources */,
				5E274627282A385E00C2D686 /* OCBMTextField.m in Sources */,
				5E101F972849CE4A0014EE61 /* ExampleBasicContentView.swift in Sources */,
				5EA3F54A28F103BD007AAB60 /* RectRadarAnimationView.swift in Sources */,
				5E274613282A2E5C00C2D686 /* BMTextField.swift in Sources */,
				5E27460A282A0D9000C2D686 /* TupleRegex.swift in Sources */,
				5E13968228F1647100A5FFBE /* UIFont+Extension.swift in Sources */,
				5E101F8B2849CCF30014EE61 /* ESTabBarItemMoreContentView.swift in Sources */,
				5E76180F2828B3A200BD5E69 /* HomeViewController.swift in Sources */,
				5EFD9E1A280814960026F04F /* HXAlertTool.swift in Sources */,
				5E7AFFDB280571A50090A07A /* AppDelegate.swift in Sources */,
				5E13968028F1645300A5FFBE /* String+Size.swift in Sources */,
				5E9383BE283C765800C5D383 /* TaskHeaderView.swift in Sources */,
				5E101F952849CE080014EE61 /* ExampleBouncesContentView.swift in Sources */,
				5EA3F54B28F103BD007AAB60 /* RadarDiffusionAnimationontroller.swift in Sources */,
				5E101F912849CCF30014EE61 /* ESTabBarItemContainer.swift in Sources */,
				5E7618132828B3C500BD5E69 /* LiveViewController.swift in Sources */,
				5E7618152828B3FD00BD5E69 /* BaseTabBarController.swift in Sources */,
				5E274708282BAFAA00C2D686 /* GiftNumInputView.swift in Sources */,
				5E27470D282BD7AC00C2D686 /* KeyBoardCell.swift in Sources */,
				5EA3F54428F101FC007AAB60 /* Array+Ext.swift in Sources */,
				5E9383C2283C829100C5D383 /* TaskCollectionViewCell.swift in Sources */,
				5EFD9E17280814960026F04F /* DispathQueue+HXTools.swift in Sources */,
				5EC725D928EC2285007D4703 /* BMDragView.swift in Sources */,
				5EFD9E12280814960026F04F /* UIImage+HXTools.swift in Sources */,
				5EFD9E242808170B0026F04F /* Version.swift in Sources */,
				5E13968D28F16B4000A5FFBE /* GradientLayer.swift in Sources */,
				5EFD9E2A280817300026F04F /* Device.swift in Sources */,
				5EFD9E282808171C0026F04F /* UserDefault.swift in Sources */,
				5E7AFFDD280571A50090A07A /* SceneDelegate.swift in Sources */,
				5E274724282CDC0C00C2D686 /* WZZKeyboardManager.m in Sources */,
				5EFD9E1B280814960026F04F /* HXReuseable.swift in Sources */,
				5E101F932849CD720014EE61 /* ExampleViewController.swift in Sources */,
				5EFD9E14280814960026F04F /* UIView+HXTools.swift in Sources */,
				5E101F7F2849CBCE0014EE61 /* ExampleProvider.swift in Sources */,
				5E13967E28F15BFE00A5FFBE /* CommonConstant.swift in Sources */,
				5E48B6C628DC441A0044B196 /* MD5.swift in Sources */,
				5E7618112828B3B400BD5E69 /* MeViewController.swift in Sources */,
				5EA3F54328F101FC007AAB60 /* UIEdgeInsets+Ext.swift in Sources */,
				5E2746FF282A94C000C2D686 /* UIColor+Extension.swift in Sources */,
				5E13967D28F15BFE00A5FFBE /* CommonEnum.swift in Sources */,
				5E9383C4283C87EA00C5D383 /* TaskTableViewCell.swift in Sources */,
				5E7618262828D9CC00BD5E69 /* Date+Extensions.swift in Sources */,
				5EC725D228EC0427007D4703 /* BMBubbleView.swift in Sources */,
				5E274617282A2F7E00C2D686 /* BMTestTextInputController.swift in Sources */,
				5E13968628F1680D00A5FFBE /* ButtonWithImageAndTitleExtension.swift in Sources */,
				5E13968B28F16B4000A5FFBE /* UIGradientExtension.swift in Sources */,
				5EAD48822805BB13005371AA /* BMConstraintsController.swift in Sources */,
				5E274614282A2E5C00C2D686 /* BMTextInput+Extension.swift in Sources */,
				5E9383BC283BA03C00C5D383 /* Protocols.swift in Sources */,
				5E101F8D2849CCF30014EE61 /* ESTabBarItemContentView.swift in Sources */,
				5E101F8E2849CCF30014EE61 /* ESTabBarItem.swift in Sources */,
				5EA008C8281A735F008E1406 /* StringManager.swift in Sources */,
				5E7618232828B7B100BD5E69 /* ExampleModel.swift in Sources */,
				5EFA4DA528E2BE5500ABEFC9 /* iPhoneSafeSize.swift in Sources */,
				5EFD9E1D280814960026F04F /* HXGlobalFuncs.swift in Sources */,
				5E274667282A88D900C2D686 /* GiftSendBtnView.swift in Sources */,
				5E101F902849CCF30014EE61 /* ESTabBar.swift in Sources */,
				5EA3F54228F101FC007AAB60 /* BreatheImageView.swift in Sources */,
				5E27470B282BD68B00C2D686 /* JGGKeyboardView.swift in Sources */,
				5E9383C0283C81FC00C5D383 /* TaskLevelCollectionView.swift in Sources */,
				5E101F8C2849CCF30014EE61 /* ESTabBarController.swift in Sources */,
				5EFD9E26280817100026F04F /* Define.swift in Sources */,
				5EFD9E19280814960026F04F /* Date+HXTools.swift in Sources */,
				5E274706282B9B1A00C2D686 /* GiftPopMenu.swift in Sources */,
			);
			runOnlyForDeploymentPostprocessing = 0;
		};
		5E7AFFE9280571A70090A07A /* Sources */ = {
			isa = PBXSourcesBuildPhase;
			buildActionMask = 2147483647;
			files = (
				5E7AFFF2280571A70090A07A /* BMSwiftToolsTests.swift in Sources */,
			);
			runOnlyForDeploymentPostprocessing = 0;
		};
		5E7AFFF3280571A70090A07A /* Sources */ = {
			isa = PBXSourcesBuildPhase;
			buildActionMask = 2147483647;
			files = (
				5E7AFFFC280571A70090A07A /* BMSwiftToolsUITests.swift in Sources */,
				5E7AFFFE280571A70090A07A /* BMSwiftToolsUITestsLaunchTests.swift in Sources */,
			);
			runOnlyForDeploymentPostprocessing = 0;
		};
/* End PBXSourcesBuildPhase section */

/* Begin PBXTargetDependency section */
		5E7AFFEF280571A70090A07A /* PBXTargetDependency */ = {
			isa = PBXTargetDependency;
			target = 5E7AFFD6280571A50090A07A /* BMSwiftTools */;
			targetProxy = 5E7AFFEE280571A70090A07A /* PBXContainerItemProxy */;
		};
		5E7AFFF9280571A70090A07A /* PBXTargetDependency */ = {
			isa = PBXTargetDependency;
			target = 5E7AFFD6280571A50090A07A /* BMSwiftTools */;
			targetProxy = 5E7AFFF8280571A70090A07A /* PBXContainerItemProxy */;
		};
/* End PBXTargetDependency section */

/* Begin PBXVariantGroup section */
		5E101F812849CCF30014EE61 /* Localizable.strings */ = {
			isa = PBXVariantGroup;
			children = (
				5E101F822849CCF30014EE61 /* en */,
			);
			name = Localizable.strings;
			sourceTree = "<group>";
		};
		5E7AFFE0280571A50090A07A /* Main.storyboard */ = {
			isa = PBXVariantGroup;
			children = (
				5E7AFFE1280571A50090A07A /* Base */,
			);
			name = Main.storyboard;
			sourceTree = "<group>";
		};
		5E7AFFE5280571A70090A07A /* LaunchScreen.storyboard */ = {
			isa = PBXVariantGroup;
			children = (
				5E7AFFE6280571A70090A07A /* Base */,
			);
			name = LaunchScreen.storyboard;
			sourceTree = "<group>";
		};
/* End PBXVariantGroup section */

/* Begin XCBuildConfiguration section */
		5E7A0000280571A70090A07A /* Release */ = {
			isa = XCBuildConfiguration;
			buildSettings = {
				ALWAYS_SEARCH_USER_PATHS = NO;
				CLANG_ANALYZER_NONNULL = YES;
				CLANG_ANALYZER_NUMBER_OBJECT_CONVERSION = YES_AGGRESSIVE;
				CLANG_CXX_LANGUAGE_STANDARD = "gnu++17";
				CLANG_ENABLE_MODULES = YES;
				CLANG_ENABLE_OBJC_ARC = YES;
				CLANG_ENABLE_OBJC_WEAK = YES;
				CLANG_WARN_BLOCK_CAPTURE_AUTORELEASING = YES;
				CLANG_WARN_BOOL_CONVERSION = YES;
				CLANG_WARN_COMMA = YES;
				CLANG_WARN_CONSTANT_CONVERSION = YES;
				CLANG_WARN_DEPRECATED_OBJC_IMPLEMENTATIONS = YES;
				CLANG_WARN_DIRECT_OBJC_ISA_USAGE = YES_ERROR;
				CLANG_WARN_DOCUMENTATION_COMMENTS = YES;
				CLANG_WARN_EMPTY_BODY = YES;
				CLANG_WARN_ENUM_CONVERSION = YES;
				CLANG_WARN_INFINITE_RECURSION = YES;
				CLANG_WARN_INT_CONVERSION = YES;
				CLANG_WARN_NON_LITERAL_NULL_CONVERSION = YES;
				CLANG_WARN_OBJC_IMPLICIT_RETAIN_SELF = YES;
				CLANG_WARN_OBJC_LITERAL_CONVERSION = YES;
				CLANG_WARN_OBJC_ROOT_CLASS = YES_ERROR;
				CLANG_WARN_QUOTED_INCLUDE_IN_FRAMEWORK_HEADER = YES;
				CLANG_WARN_RANGE_LOOP_ANALYSIS = YES;
				CLANG_WARN_STRICT_PROTOTYPES = YES;
				CLANG_WARN_SUSPICIOUS_MOVE = YES;
				CLANG_WARN_UNGUARDED_AVAILABILITY = YES_AGGRESSIVE;
				CLANG_WARN_UNREACHABLE_CODE = YES;
				CLANG_WARN__DUPLICATE_METHOD_MATCH = YES;
				COPY_PHASE_STRIP = NO;
				DEBUG_INFORMATION_FORMAT = "dwarf-with-dsym";
				ENABLE_NS_ASSERTIONS = NO;
				ENABLE_STRICT_OBJC_MSGSEND = YES;
				GCC_C_LANGUAGE_STANDARD = gnu11;
				GCC_NO_COMMON_BLOCKS = YES;
				GCC_WARN_64_TO_32_BIT_CONVERSION = YES;
				GCC_WARN_ABOUT_RETURN_TYPE = YES_ERROR;
				GCC_WARN_UNDECLARED_SELECTOR = YES;
				GCC_WARN_UNINITIALIZED_AUTOS = YES_AGGRESSIVE;
				GCC_WARN_UNUSED_FUNCTION = YES;
				GCC_WARN_UNUSED_VARIABLE = YES;
				IPHONEOS_DEPLOYMENT_TARGET = 13.0;
				MTL_ENABLE_DEBUG_INFO = NO;
				MTL_FAST_MATH = YES;
				SDKROOT = iphoneos;
				SWIFT_COMPILATION_MODE = wholemodule;
				SWIFT_OPTIMIZATION_LEVEL = "-O";
				VALIDATE_PRODUCT = YES;
			};
			name = Release;
		};
		5E7A0002280571A70090A07A /* Debug */ = {
			isa = XCBuildConfiguration;
			baseConfigurationReference = 6A5B768878F007CE48FB531D /* Pods-BMSwiftTools.debug.xcconfig */;
			buildSettings = {
				ASSETCATALOG_COMPILER_APPICON_NAME = AppIcon;
				ASSETCATALOG_COMPILER_GLOBAL_ACCENT_COLOR_NAME = AccentColor;
				CLANG_ENABLE_MODULES = YES;
				CODE_SIGN_STYLE = Automatic;
				CURRENT_PROJECT_VERSION = 1;
				DEVELOPMENT_TEAM = 56TGZPCV7P;
				GENERATE_INFOPLIST_FILE = YES;
				INFOPLIST_FILE = BMSwiftTools/Resources/Info.plist;
				INFOPLIST_KEY_UIApplicationSupportsIndirectInputEvents = YES;
				INFOPLIST_KEY_UILaunchStoryboardName = LaunchScreen;
				INFOPLIST_KEY_UIMainStoryboardFile = Main;
				INFOPLIST_KEY_UISupportedInterfaceOrientations_iPad = "UIInterfaceOrientationPortrait UIInterfaceOrientationPortraitUpsideDown UIInterfaceOrientationLandscapeLeft UIInterfaceOrientationLandscapeRight";
				INFOPLIST_KEY_UISupportedInterfaceOrientations_iPhone = "UIInterfaceOrientationPortrait UIInterfaceOrientationLandscapeLeft UIInterfaceOrientationLandscapeRight";
				LD_RUNPATH_SEARCH_PATHS = (
					"$(inherited)",
					"@executable_path/Frameworks",
				);
				MARKETING_VERSION = 1.0;
				PRODUCT_BUNDLE_IDENTIFIER = blom.mxx.BMSwiftTools;
				PRODUCT_NAME = "$(TARGET_NAME)";
				SWIFT_EMIT_LOC_STRINGS = YES;
				SWIFT_OBJC_BRIDGING_HEADER = "BMSwiftTools/Main/BMSwiftTools-Bridging-Header.h";
				SWIFT_OPTIMIZATION_LEVEL = "-Onone";
				SWIFT_VERSION = 5.0;
				TARGETED_DEVICE_FAMILY = "1,2";
			};
			name = Debug;
		};
		5E7A0003280571A70090A07A /* Release */ = {
			isa = XCBuildConfiguration;
			baseConfigurationReference = 2335B99EE16333F56BEF1CCF /* Pods-BMSwiftTools.release.xcconfig */;
			buildSettings = {
				ASSETCATALOG_COMPILER_APPICON_NAME = AppIcon;
				ASSETCATALOG_COMPILER_GLOBAL_ACCENT_COLOR_NAME = AccentColor;
				CLANG_ENABLE_MODULES = YES;
				CODE_SIGN_STYLE = Automatic;
				CURRENT_PROJECT_VERSION = 1;
				DEVELOPMENT_TEAM = 56TGZPCV7P;
				GENERATE_INFOPLIST_FILE = YES;
				INFOPLIST_FILE = BMSwiftTools/Resources/Info.plist;
				INFOPLIST_KEY_UIApplicationSupportsIndirectInputEvents = YES;
				INFOPLIST_KEY_UILaunchStoryboardName = LaunchScreen;
				INFOPLIST_KEY_UIMainStoryboardFile = Main;
				INFOPLIST_KEY_UISupportedInterfaceOrientations_iPad = "UIInterfaceOrientationPortrait UIInterfaceOrientationPortraitUpsideDown UIInterfaceOrientationLandscapeLeft UIInterfaceOrientationLandscapeRight";
				INFOPLIST_KEY_UISupportedInterfaceOrientations_iPhone = "UIInterfaceOrientationPortrait UIInterfaceOrientationLandscapeLeft UIInterfaceOrientationLandscapeRight";
				LD_RUNPATH_SEARCH_PATHS = (
					"$(inherited)",
					"@executable_path/Frameworks",
				);
				MARKETING_VERSION = 1.0;
				PRODUCT_BUNDLE_IDENTIFIER = blom.mxx.BMSwiftTools;
				PRODUCT_NAME = "$(TARGET_NAME)";
				SWIFT_EMIT_LOC_STRINGS = YES;
				SWIFT_OBJC_BRIDGING_HEADER = "BMSwiftTools/Main/BMSwiftTools-Bridging-Header.h";
				SWIFT_VERSION = 5.0;
				TARGETED_DEVICE_FAMILY = "1,2";
			};
			name = Release;
		};
		5E7A0005280571A70090A07A /* Debug */ = {
			isa = XCBuildConfiguration;
			buildSettings = {
				ALWAYS_EMBED_SWIFT_STANDARD_LIBRARIES = YES;
				BUNDLE_LOADER = "$(TEST_HOST)";
				CODE_SIGN_STYLE = Automatic;
				CURRENT_PROJECT_VERSION = 1;
				GENERATE_INFOPLIST_FILE = YES;
				IPHONEOS_DEPLOYMENT_TARGET = 15.4;
				MARKETING_VERSION = 1.0;
				PRODUCT_BUNDLE_IDENTIFIER = blom.mxx.BMSwiftToolsTests;
				PRODUCT_NAME = "$(TARGET_NAME)";
				SWIFT_EMIT_LOC_STRINGS = NO;
				SWIFT_VERSION = 5.0;
				TARGETED_DEVICE_FAMILY = "1,2";
				TEST_HOST = "$(BUILT_PRODUCTS_DIR)/BMSwiftTools.app/BMSwiftTools";
			};
			name = Debug;
		};
		5E7A0006280571A70090A07A /* Release */ = {
			isa = XCBuildConfiguration;
			buildSettings = {
				ALWAYS_EMBED_SWIFT_STANDARD_LIBRARIES = YES;
				BUNDLE_LOADER = "$(TEST_HOST)";
				CODE_SIGN_STYLE = Automatic;
				CURRENT_PROJECT_VERSION = 1;
				GENERATE_INFOPLIST_FILE = YES;
				IPHONEOS_DEPLOYMENT_TARGET = 15.4;
				MARKETING_VERSION = 1.0;
				PRODUCT_BUNDLE_IDENTIFIER = blom.mxx.BMSwiftToolsTests;
				PRODUCT_NAME = "$(TARGET_NAME)";
				SWIFT_EMIT_LOC_STRINGS = NO;
				SWIFT_VERSION = 5.0;
				TARGETED_DEVICE_FAMILY = "1,2";
				TEST_HOST = "$(BUILT_PRODUCTS_DIR)/BMSwiftTools.app/BMSwiftTools";
			};
			name = Release;
		};
		5E7A0008280571A70090A07A /* Debug */ = {
			isa = XCBuildConfiguration;
			buildSettings = {
				ALWAYS_EMBED_SWIFT_STANDARD_LIBRARIES = YES;
				CODE_SIGN_STYLE = Automatic;
				CURRENT_PROJECT_VERSION = 1;
				GENERATE_INFOPLIST_FILE = YES;
				MARKETING_VERSION = 1.0;
				PRODUCT_BUNDLE_IDENTIFIER = blom.mxx.BMSwiftToolsUITests;
				PRODUCT_NAME = "$(TARGET_NAME)";
				SWIFT_EMIT_LOC_STRINGS = NO;
				SWIFT_VERSION = 5.0;
				TARGETED_DEVICE_FAMILY = "1,2";
				TEST_TARGET_NAME = BMSwiftTools;
			};
			name = Debug;
		};
		5E7A0009280571A70090A07A /* Release */ = {
			isa = XCBuildConfiguration;
			buildSettings = {
				ALWAYS_EMBED_SWIFT_STANDARD_LIBRARIES = YES;
				CODE_SIGN_STYLE = Automatic;
				CURRENT_PROJECT_VERSION = 1;
				GENERATE_INFOPLIST_FILE = YES;
				MARKETING_VERSION = 1.0;
				PRODUCT_BUNDLE_IDENTIFIER = blom.mxx.BMSwiftToolsUITests;
				PRODUCT_NAME = "$(TARGET_NAME)";
				SWIFT_EMIT_LOC_STRINGS = NO;
				SWIFT_VERSION = 5.0;
				TARGETED_DEVICE_FAMILY = "1,2";
				TEST_TARGET_NAME = BMSwiftTools;
			};
			name = Release;
		};
		5E7AFFFF280571A70090A07A /* Debug */ = {
			isa = XCBuildConfiguration;
			buildSettings = {
				ALWAYS_SEARCH_USER_PATHS = NO;
				CLANG_ANALYZER_NONNULL = YES;
				CLANG_ANALYZER_NUMBER_OBJECT_CONVERSION = YES_AGGRESSIVE;
				CLANG_CXX_LANGUAGE_STANDARD = "gnu++17";
				CLANG_ENABLE_MODULES = YES;
				CLANG_ENABLE_OBJC_ARC = YES;
				CLANG_ENABLE_OBJC_WEAK = YES;
				CLANG_WARN_BLOCK_CAPTURE_AUTORELEASING = YES;
				CLANG_WARN_BOOL_CONVERSION = YES;
				CLANG_WARN_COMMA = YES;
				CLANG_WARN_CONSTANT_CONVERSION = YES;
				CLANG_WARN_DEPRECATED_OBJC_IMPLEMENTATIONS = YES;
				CLANG_WARN_DIRECT_OBJC_ISA_USAGE = YES_ERROR;
				CLANG_WARN_DOCUMENTATION_COMMENTS = YES;
				CLANG_WARN_EMPTY_BODY = YES;
				CLANG_WARN_ENUM_CONVERSION = YES;
				CLANG_WARN_INFINITE_RECURSION = YES;
				CLANG_WARN_INT_CONVERSION = YES;
				CLANG_WARN_NON_LITERAL_NULL_CONVERSION = YES;
				CLANG_WARN_OBJC_IMPLICIT_RETAIN_SELF = YES;
				CLANG_WARN_OBJC_LITERAL_CONVERSION = YES;
				CLANG_WARN_OBJC_ROOT_CLASS = YES_ERROR;
				CLANG_WARN_QUOTED_INCLUDE_IN_FRAMEWORK_HEADER = YES;
				CLANG_WARN_RANGE_LOOP_ANALYSIS = YES;
				CLANG_WARN_STRICT_PROTOTYPES = YES;
				CLANG_WARN_SUSPICIOUS_MOVE = YES;
				CLANG_WARN_UNGUARDED_AVAILABILITY = YES_AGGRESSIVE;
				CLANG_WARN_UNREACHABLE_CODE = YES;
				CLANG_WARN__DUPLICATE_METHOD_MATCH = YES;
				COPY_PHASE_STRIP = NO;
				DEBUG_INFORMATION_FORMAT = dwarf;
				ENABLE_STRICT_OBJC_MSGSEND = YES;
				ENABLE_TESTABILITY = YES;
				GCC_C_LANGUAGE_STANDARD = gnu11;
				GCC_DYNAMIC_NO_PIC = NO;
				GCC_NO_COMMON_BLOCKS = YES;
				GCC_OPTIMIZATION_LEVEL = 0;
				GCC_PREPROCESSOR_DEFINITIONS = (
					"DEBUG=1",
					"$(inherited)",
				);
				GCC_WARN_64_TO_32_BIT_CONVERSION = YES;
				GCC_WARN_ABOUT_RETURN_TYPE = YES_ERROR;
				GCC_WARN_UNDECLARED_SELECTOR = YES;
				GCC_WARN_UNINITIALIZED_AUTOS = YES_AGGRESSIVE;
				GCC_WARN_UNUSED_FUNCTION = YES;
				GCC_WARN_UNUSED_VARIABLE = YES;
				IPHONEOS_DEPLOYMENT_TARGET = 13.0;
				MTL_ENABLE_DEBUG_INFO = INCLUDE_SOURCE;
				MTL_FAST_MATH = YES;
				ONLY_ACTIVE_ARCH = YES;
				SDKROOT = iphoneos;
				SWIFT_ACTIVE_COMPILATION_CONDITIONS = DEBUG;
				SWIFT_OPTIMIZATION_LEVEL = "-Onone";
			};
			name = Debug;
		};
/* End XCBuildConfiguration section */

/* Begin XCConfigurationList section */
		5E7A0001280571A70090A07A /* Build configuration list for PBXNativeTarget "BMSwiftTools" */ = {
			isa = XCConfigurationList;
			buildConfigurations = (
				5E7A0002280571A70090A07A /* Debug */,
				5E7A0003280571A70090A07A /* Release */,
			);
			defaultConfigurationIsVisible = 0;
			defaultConfigurationName = Release;
		};
		5E7A0004280571A70090A07A /* Build configuration list for PBXNativeTarget "BMSwiftToolsTests" */ = {
			isa = XCConfigurationList;
			buildConfigurations = (
				5E7A0005280571A70090A07A /* Debug */,
				5E7A0006280571A70090A07A /* Release */,
			);
			defaultConfigurationIsVisible = 0;
			defaultConfigurationName = Release;
		};
		5E7A0007280571A70090A07A /* Build configuration list for PBXNativeTarget "BMSwiftToolsUITests" */ = {
			isa = XCConfigurationList;
			buildConfigurations = (
				5E7A0008280571A70090A07A /* Debug */,
				5E7A0009280571A70090A07A /* Release */,
			);
			defaultConfigurationIsVisible = 0;
			defaultConfigurationName = Release;
		};
		5E7AFFD2280571A50090A07A /* Build configuration list for PBXProject "BMSwiftTools" */ = {
			isa = XCConfigurationList;
			buildConfigurations = (
				5E7AFFFF280571A70090A07A /* Debug */,
				5E7A0000280571A70090A07A /* Release */,
			);
			defaultConfigurationIsVisible = 0;
			defaultConfigurationName = Release;
		};
/* End XCConfigurationList section */
	};
	rootObject = 5E7AFFCF280571A50090A07A /* Project object */;
}
